// !$*UTF8*$!
{
	archiveVersion = 1;
	classes = {
	};
	objectVersion = 46;
	objects = {

/* Begin PBXCopyFilesBuildPhase section */
		14B707191ECC2F7600B05154 /* CopyFiles */ = {
			isa = PBXCopyFilesBuildPhase;
			buildActionMask = 2147483647;
			dstPath = /usr/share/man/man1/;
			dstSubfolderSpec = 0;
			files = (
			);
			runOnlyForDeploymentPostprocessing = 1;
		};
/* End PBXCopyFilesBuildPhase section */

/* Begin PBXFileReference section */
		140526191F7BCCC800478AE9 /* 피보나치함수.swift */ = {isa = PBXFileReference; fileEncoding = 4; lastKnownFileType = sourcecode.swift; path = "피보나치함수.swift"; sourceTree = "<group>"; };
		140526411F811BD400478AE9 /* 괄호.swift */ = {isa = PBXFileReference; fileEncoding = 4; lastKnownFileType = sourcecode.swift; path = "괄호.swift"; sourceTree = "<group>"; };
		140869DA1F68F52000AA166B /* 첫글자를 대문자로.swift */ = {isa = PBXFileReference; fileEncoding = 4; lastKnownFileType = sourcecode.swift; path = "첫글자를 대문자로.swift"; sourceTree = "<group>"; };
		140869DC1F68F87100AA166B /* ㅇㅇ.swift */ = {isa = PBXFileReference; fileEncoding = 4; lastKnownFileType = sourcecode.swift; path = "ㅇㅇ.swift"; sourceTree = "<group>"; };
		140869DF1F6A2AB800AA166B /* 모음의 개수.swift */ = {isa = PBXFileReference; fileEncoding = 4; lastKnownFileType = sourcecode.swift; path = "모음의 개수.swift"; sourceTree = "<group>"; };
		140869E11F6A7C1800AA166B /* 소트인사이드.swift */ = {isa = PBXFileReference; fileEncoding = 4; lastKnownFileType = sourcecode.swift; path = "소트인사이드.swift"; sourceTree = "<group>"; };
		140869E31F6A800000AA166B /* 콘테스트.swift */ = {isa = PBXFileReference; fileEncoding = 4; lastKnownFileType = sourcecode.swift; path = "콘테스트.swift"; sourceTree = "<group>"; };
		140869E51F6A810300AA166B /* 단어길이재기.swift */ = {isa = PBXFileReference; fileEncoding = 4; lastKnownFileType = sourcecode.swift; path = "단어길이재기.swift"; sourceTree = "<group>"; };
		140869E71F6A818F00AA166B /* 세로읽기(구현x).swift */ = {isa = PBXFileReference; fileEncoding = 4; lastKnownFileType = sourcecode.swift; path = "세로읽기(구현x).swift"; sourceTree = "<group>"; };
		140869E91F6A852200AA166B /* 10부제->질문.swift */ = {isa = PBXFileReference; fileEncoding = 4; lastKnownFileType = sourcecode.swift; path = "10부제->질문.swift"; sourceTree = "<group>"; };
		140869EB1F6A879700AA166B /* 얼마?.swift */ = {isa = PBXFileReference; fileEncoding = 4; lastKnownFileType = sourcecode.swift; path = "얼마?.swift"; sourceTree = "<group>"; };
		140869ED1F6A8A0200AA166B /* 대소문자 바꾸기.swift */ = {isa = PBXFileReference; fileEncoding = 4; lastKnownFileType = sourcecode.swift; path = "대소문자 바꾸기.swift"; sourceTree = "<group>"; };
		140869F31F6AC32800AA166B /* 영수증.swift */ = {isa = PBXFileReference; fileEncoding = 4; lastKnownFileType = sourcecode.swift; path = "영수증.swift"; sourceTree = "<group>"; };
		140869F51F6AC3B200AA166B /* BFS와 DFS.swift */ = {isa = PBXFileReference; fileEncoding = 4; lastKnownFileType = sourcecode.swift; path = "BFS와 DFS.swift"; sourceTree = "<group>"; };
		1420E4311EDC122E0038880E /* 시험성적.swift */ = {isa = PBXFileReference; fileEncoding = 4; lastKnownFileType = sourcecode.swift; path = "시험성적.swift"; sourceTree = "<group>"; };
		1420EF2C1F7553710053C0B5 /* 국영수.swift */ = {isa = PBXFileReference; fileEncoding = 4; lastKnownFileType = sourcecode.swift; path = "국영수.swift"; sourceTree = "<group>"; };
		14281D8F1F81211B00175D47 /* 홀수일까 짝수일까.swift */ = {isa = PBXFileReference; fileEncoding = 4; lastKnownFileType = sourcecode.swift; path = "홀수일까 짝수일까.swift"; sourceTree = "<group>"; };
		14281D911F81278D00175D47 /* 가장 긴 감소하는 부분 수열-> 시간초과.swift */ = {isa = PBXFileReference; fileEncoding = 4; lastKnownFileType = sourcecode.swift; path = "가장 긴 감소하는 부분 수열-> 시간초과.swift"; sourceTree = "<group>"; };
		14344E1E1ED2A43A002C5C45 /* A+B -3.swift */ = {isa = PBXFileReference; fileEncoding = 4; lastKnownFileType = sourcecode.swift; path = "A+B -3.swift"; sourceTree = "<group>"; };
		14344E201ED2A773002C5C45 /* A+B -4.swift */ = {isa = PBXFileReference; fileEncoding = 4; lastKnownFileType = sourcecode.swift; path = "A+B -4.swift"; sourceTree = "<group>"; };
		14344E221ED2A785002C5C45 /* A+B -5.swift */ = {isa = PBXFileReference; fileEncoding = 4; lastKnownFileType = sourcecode.swift; path = "A+B -5.swift"; sourceTree = "<group>"; };
		14344E241ED2A844002C5C45 /* A+B -6.swift */ = {isa = PBXFileReference; fileEncoding = 4; lastKnownFileType = sourcecode.swift; path = "A+B -6.swift"; sourceTree = "<group>"; };
		14344E261ED2A8D0002C5C45 /* A+B -7.swift */ = {isa = PBXFileReference; fileEncoding = 4; lastKnownFileType = sourcecode.swift; path = "A+B -7.swift"; sourceTree = "<group>"; };
		14344E281ED2AC18002C5C45 /* A+B - 8.swift */ = {isa = PBXFileReference; fileEncoding = 4; lastKnownFileType = sourcecode.swift; path = "A+B - 8.swift"; sourceTree = "<group>"; };
		14344E2A1ED2AD3C002C5C45 /* N찍기.swift */ = {isa = PBXFileReference; fileEncoding = 4; lastKnownFileType = sourcecode.swift; path = "N찍기.swift"; sourceTree = "<group>"; };
		1436095D1F985A69006E266B /* 1로 만들기 -> 시간초과ㅡㅡ.swift */ = {isa = PBXFileReference; fileEncoding = 4; lastKnownFileType = sourcecode.swift; path = "1로 만들기 -> 시간초과ㅡㅡ.swift"; sourceTree = "<group>"; };
		143609621F9880B4006E266B /* 나이순 정렬.swift */ = {isa = PBXFileReference; fileEncoding = 4; lastKnownFileType = sourcecode.swift; path = "나이순 정렬.swift"; sourceTree = "<group>"; };
		143609641F9883D5006E266B /* 좌표정렬하기 2.swift */ = {isa = PBXFileReference; fileEncoding = 4; lastKnownFileType = sourcecode.swift; path = "좌표정렬하기 2.swift"; sourceTree = "<group>"; };
		1436096C1F999919006E266B /* 디지털루트.swift */ = {isa = PBXFileReference; fileEncoding = 4; lastKnownFileType = sourcecode.swift; path = "디지털루트.swift"; sourceTree = "<group>"; };
		1436096E1F99E2B6006E266B /* Adding Reversed Numbers.swift */ = {isa = PBXFileReference; fileEncoding = 4; lastKnownFileType = sourcecode.swift; path = "Adding Reversed Numbers.swift"; sourceTree = "<group>"; };
		1436097A1F9E3286006E266B /* 앵그리창영.swift */ = {isa = PBXFileReference; fileEncoding = 4; lastKnownFileType = sourcecode.swift; path = "앵그리창영.swift"; sourceTree = "<group>"; };
		1436097C1F9E36A6006E266B /* 유니크.swift */ = {isa = PBXFileReference; fileEncoding = 4; lastKnownFileType = sourcecode.swift; path = "유니크.swift"; sourceTree = "<group>"; };
		1436097E1F9E3FF2006E266B /* 에라토스테네스의 체.swift */ = {isa = PBXFileReference; fileEncoding = 4; lastKnownFileType = sourcecode.swift; path = "에라토스테네스의 체.swift"; sourceTree = "<group>"; };
		143609A41F9F0AC2006E266B /* POT.swift */ = {isa = PBXFileReference; fileEncoding = 4; lastKnownFileType = sourcecode.swift; path = POT.swift; sourceTree = "<group>"; };
		143609A61F9F0E6A006E266B /* 크리스마스 파티.swift */ = {isa = PBXFileReference; fileEncoding = 4; lastKnownFileType = sourcecode.swift; path = "크리스마스 파티.swift"; sourceTree = "<group>"; };
		143609A81F9F136D006E266B /* 소음.swift */ = {isa = PBXFileReference; fileEncoding = 4; lastKnownFileType = sourcecode.swift; path = "소음.swift"; sourceTree = "<group>"; };
		143609AA1F9F1763006E266B /* 이진수들의합.swift */ = {isa = PBXFileReference; fileEncoding = 4; lastKnownFileType = sourcecode.swift; path = "이진수들의합.swift"; sourceTree = "<group>"; };
		143609AD1F9F26C0006E266B /* 심부름 가는길.swift */ = {isa = PBXFileReference; fileEncoding = 4; lastKnownFileType = sourcecode.swift; path = "심부름 가는길.swift"; sourceTree = "<group>"; };
		143609B11F9F3260006E266B /* 부녀회장이 될테야.swift */ = {isa = PBXFileReference; fileEncoding = 4; lastKnownFileType = sourcecode.swift; path = "부녀회장이 될테야.swift"; sourceTree = "<group>"; };
		143B41851FA05D0A0041D405 /* 보물.swift */ = {isa = PBXFileReference; fileEncoding = 4; lastKnownFileType = sourcecode.swift; path = "보물.swift"; sourceTree = "<group>"; };
		143B41871FA062160041D405 /* 세로읽기.swift */ = {isa = PBXFileReference; fileEncoding = 4; lastKnownFileType = sourcecode.swift; path = "세로읽기.swift"; sourceTree = "<group>"; };
		14564A871F13B19500DC899C /* 평균점수.swift */ = {isa = PBXFileReference; fileEncoding = 4; lastKnownFileType = sourcecode.swift; path = "평균점수.swift"; sourceTree = "<group>"; };
		1460888A1F5D608900B88744 /* 최대공약수와 최소공배수.swift */ = {isa = PBXFileReference; fileEncoding = 4; lastKnownFileType = sourcecode.swift; path = "최대공약수와 최소공배수.swift"; sourceTree = "<group>"; };
		1460888C1F5D695B00B88744 /* 팰린드롬인지 확인하기.swift */ = {isa = PBXFileReference; fileEncoding = 4; lastKnownFileType = sourcecode.swift; path = "팰린드롬인지 확인하기.swift"; sourceTree = "<group>"; };
		147E278E1F6FCBAA00A0570A /* 수들의 합.swift */ = {isa = PBXFileReference; fileEncoding = 4; lastKnownFileType = sourcecode.swift; path = "수들의 합.swift"; sourceTree = "<group>"; };
		147E27901F6FCE2300A0570A /* Mini Fantasy War .swift */ = {isa = PBXFileReference; fileEncoding = 4; lastKnownFileType = sourcecode.swift; path = "Mini Fantasy War .swift"; sourceTree = "<group>"; };
		147E27921F6FD24900A0570A /* not cute.swift */ = {isa = PBXFileReference; fileEncoding = 4; lastKnownFileType = sourcecode.swift; path = "not cute.swift"; sourceTree = "<group>"; };
		147E27941F6FD45000A0570A /* 큐.swift */ = {isa = PBXFileReference; fileEncoding = 4; lastKnownFileType = sourcecode.swift; path = "큐.swift"; sourceTree = "<group>"; };
		1494ED4F1ED017A400634DDE /* A+B.swift */ = {isa = PBXFileReference; fileEncoding = 4; lastKnownFileType = sourcecode.swift; path = "A+B.swift"; sourceTree = "<group>"; };
		1494ED521ED017F400634DDE /* A-B.swift */ = {isa = PBXFileReference; fileEncoding = 4; lastKnownFileType = sourcecode.swift; path = "A-B.swift"; sourceTree = "<group>"; };
		1494ED541ED018E300634DDE /* A나누기B.swift */ = {isa = PBXFileReference; fileEncoding = 4; lastKnownFileType = sourcecode.swift; path = "A나누기B.swift"; sourceTree = "<group>"; };
		1494ED5B1ED01CE300634DDE /* A*B.swift */ = {isa = PBXFileReference; fileEncoding = 4; lastKnownFileType = sourcecode.swift; path = "A*B.swift"; sourceTree = "<group>"; };
		1494ED5D1ED01D0200634DDE /* 사칙연산.swift */ = {isa = PBXFileReference; fileEncoding = 4; lastKnownFileType = sourcecode.swift; path = "사칙연산.swift"; sourceTree = "<group>"; };
		1494ED5F1ED01EEB00634DDE /* A+B-2.swift */ = {isa = PBXFileReference; fileEncoding = 4; lastKnownFileType = sourcecode.swift; path = "A+B-2.swift"; sourceTree = "<group>"; };
		14979EDD1F79043F002B0527 /* 스택.swift */ = {isa = PBXFileReference; fileEncoding = 4; lastKnownFileType = sourcecode.swift; path = "스택.swift"; sourceTree = "<group>"; };
		14AA14A71EFAA8A1009B6CB6 /* 유니코드.swift */ = {isa = PBXFileReference; fileEncoding = 4; lastKnownFileType = sourcecode.swift; path = "유니코드.swift"; sourceTree = "<group>"; };
		14B7071B1ECC2F7600B05154 /* SwiftPratice */ = {isa = PBXFileReference; explicitFileType = "compiled.mach-o.executable"; includeInIndex = 0; path = SwiftPratice; sourceTree = BUILT_PRODUCTS_DIR; };
		14B707251ECC2F9200B05154 /* 그대로출력하기.swift */ = {isa = PBXFileReference; fileEncoding = 4; lastKnownFileType = sourcecode.swift; path = "그대로출력하기.swift"; sourceTree = "<group>"; };
		14CF08A61F67B84000E055FB /* 개표.swift */ = {isa = PBXFileReference; fileEncoding = 4; lastKnownFileType = sourcecode.swift; path = "개표.swift"; sourceTree = "<group>"; };
		14CF08A81F67BA6C00E055FB /* 배수찾기.swift */ = {isa = PBXFileReference; fileEncoding = 4; lastKnownFileType = sourcecode.swift; path = "배수찾기.swift"; sourceTree = "<group>"; };
		14CF08AA1F67BD6400E055FB /* 과제 안내신분..?.swift */ = {isa = PBXFileReference; fileEncoding = 4; lastKnownFileType = sourcecode.swift; path = "과제 안내신분..?.swift"; sourceTree = "<group>"; };
		14CF08AD1F67C4F400E055FB /* 과자.swift */ = {isa = PBXFileReference; fileEncoding = 4; lastKnownFileType = sourcecode.swift; path = "과자.swift"; sourceTree = "<group>"; };
		14CF08AF1F67DE9500E055FB /* 일반화학실험.swift */ = {isa = PBXFileReference; fileEncoding = 4; lastKnownFileType = sourcecode.swift; path = "일반화학실험.swift"; sourceTree = "<group>"; };
		14CF08B11F67DFC600E055FB /* 아!.swift */ = {isa = PBXFileReference; fileEncoding = 4; lastKnownFileType = sourcecode.swift; path = "아!.swift"; sourceTree = "<group>"; };
		14CF08B31F67E0CD00E055FB /* KMP는 왜 KMP일까?.swift */ = {isa = PBXFileReference; fileEncoding = 4; lastKnownFileType = sourcecode.swift; path = "KMP는 왜 KMP일까?.swift"; sourceTree = "<group>"; };
		14CF08B51F680E2E00E055FB /* 제로.swift */ = {isa = PBXFileReference; fileEncoding = 4; lastKnownFileType = sourcecode.swift; path = "제로.swift"; sourceTree = "<group>"; };
		14CF08B71F68108800E055FB /* god.swift */ = {isa = PBXFileReference; fileEncoding = 4; lastKnownFileType = sourcecode.swift; path = god.swift; sourceTree = "<group>"; };
		14D09B651ED2C9FA00D5EE70 /* 기찍N.swift */ = {isa = PBXFileReference; fileEncoding = 4; lastKnownFileType = sourcecode.swift; path = "기찍N.swift"; sourceTree = "<group>"; };
		14D09B671ED3C63D00D5EE70 /* 구구단.swift */ = {isa = PBXFileReference; fileEncoding = 4; lastKnownFileType = sourcecode.swift; path = "구구단.swift"; sourceTree = "<group>"; };
		14D09B691ED3C78700D5EE70 /* 합.swift */ = {isa = PBXFileReference; fileEncoding = 4; lastKnownFileType = sourcecode.swift; path = "합.swift"; sourceTree = "<group>"; };
		14D09B6D1ED444FA00D5EE70 /* 숫자의합.swift */ = {isa = PBXFileReference; fileEncoding = 4; lastKnownFileType = sourcecode.swift; path = "숫자의합.swift"; sourceTree = "<group>"; };
		14DF119F1F67A41900509046 /* 문자열.swift */ = {isa = PBXFileReference; fileEncoding = 4; lastKnownFileType = sourcecode.swift; path = "문자열.swift"; sourceTree = "<group>"; };
		14DF11A11F67A91600509046 /* Hello Judge.swift */ = {isa = PBXFileReference; fileEncoding = 4; lastKnownFileType = sourcecode.swift; path = "Hello Judge.swift"; sourceTree = "<group>"; };
		14DF11A31F67AA7D00509046 /* 전투 드로이드 가격.swift */ = {isa = PBXFileReference; fileEncoding = 4; lastKnownFileType = sourcecode.swift; path = "전투 드로이드 가격.swift"; sourceTree = "<group>"; };
		14DF11A51F67AD5D00509046 /* 상수.swift */ = {isa = PBXFileReference; fileEncoding = 4; lastKnownFileType = sourcecode.swift; path = "상수.swift"; sourceTree = "<group>"; };
		14DF11A71F67B13200509046 /* 정수의개수.swift */ = {isa = PBXFileReference; fileEncoding = 4; lastKnownFileType = sourcecode.swift; path = "정수의개수.swift"; sourceTree = "<group>"; };
		14DF11A91F67B27E00509046 /* 뒤집힌 덧셈.swift */ = {isa = PBXFileReference; fileEncoding = 4; lastKnownFileType = sourcecode.swift; path = "뒤집힌 덧셈.swift"; sourceTree = "<group>"; };
		14E83F641FA0BD2D00B59BCA /* 거스름돈.swift */ = {isa = PBXFileReference; fileEncoding = 4; lastKnownFileType = sourcecode.swift; path = "거스름돈.swift"; sourceTree = "<group>"; };
		14E83F661FA0BF7A00B59BCA /* 농구경기.swift */ = {isa = PBXFileReference; fileEncoding = 4; lastKnownFileType = sourcecode.swift; path = "농구경기.swift"; sourceTree = "<group>"; };
		14E83F681FA0C2E900B59BCA /* TGN.swift */ = {isa = PBXFileReference; fileEncoding = 4; lastKnownFileType = sourcecode.swift; path = TGN.swift; sourceTree = "<group>"; };
		14E83F6A1FA0C3ED00B59BCA /* 베르트랑 공준.swift */ = {isa = PBXFileReference; fileEncoding = 4; lastKnownFileType = sourcecode.swift; path = "베르트랑 공준.swift"; sourceTree = "<group>"; };
		14E83F6C1FA0C67600B59BCA /* 슈퍼마리오.swift */ = {isa = PBXFileReference; fileEncoding = 4; lastKnownFileType = sourcecode.swift; path = "슈퍼마리오.swift"; sourceTree = "<group>"; };
		14E83F6E1FA0C9CD00B59BCA /* 서버.swift */ = {isa = PBXFileReference; fileEncoding = 4; lastKnownFileType = sourcecode.swift; path = "서버.swift"; sourceTree = "<group>"; };
		14E83F701FA0CBE500B59BCA /* 계단오르기.swift */ = {isa = PBXFileReference; fileEncoding = 4; lastKnownFileType = sourcecode.swift; path = "계단오르기.swift"; sourceTree = "<group>"; };
		14E83F991FA3743200B59BCA /* 파도반수열.swift */ = {isa = PBXFileReference; fileEncoding = 4; lastKnownFileType = sourcecode.swift; path = "파도반수열.swift"; sourceTree = "<group>"; };
		14EAEF281F86510400827EDD /* 나무자르기.swift */ = {isa = PBXFileReference; fileEncoding = 4; lastKnownFileType = sourcecode.swift; path = "나무자르기.swift"; sourceTree = "<group>"; };
		14F21C961ED668E400798612 /* string쪼개기.swift */ = {isa = PBXFileReference; fileEncoding = 4; lastKnownFileType = sourcecode.swift; path = "string쪼개기.swift"; sourceTree = "<group>"; };
		14F679A41EF13C5400D06DE1 /* 세 수.swift */ = {isa = PBXFileReference; fileEncoding = 4; lastKnownFileType = sourcecode.swift; path = "세 수.swift"; sourceTree = "<group>"; };
		14F679A61EF147A500D06DE1 /* X보다 작은수.swift */ = {isa = PBXFileReference; fileEncoding = 4; lastKnownFileType = sourcecode.swift; path = "X보다 작은수.swift"; sourceTree = "<group>"; };
		14F679A81EF1549300D06DE1 /* 평균.swift */ = {isa = PBXFileReference; fileEncoding = 4; lastKnownFileType = sourcecode.swift; path = "평균.swift"; sourceTree = "<group>"; };
		14F679B31EF2C95C00D06DE1 /* 수 정렬하기.swift */ = {isa = PBXFileReference; fileEncoding = 4; lastKnownFileType = sourcecode.swift; path = "수 정렬하기.swift"; sourceTree = "<group>"; };
		14F679B61EF2CCC500D06DE1 /* 단어의 개수.swift */ = {isa = PBXFileReference; fileEncoding = 4; lastKnownFileType = sourcecode.swift; path = "단어의 개수.swift"; sourceTree = "<group>"; };
		9815DD211F2AF2BC00166346 /* 네 개의 소수.swift */ = {isa = PBXFileReference; fileEncoding = 4; lastKnownFileType = sourcecode.swift; path = "네 개의 소수.swift"; sourceTree = "<group>"; };
		9815DD231F2AF2ED00166346 /* 더하기.swift */ = {isa = PBXFileReference; fileEncoding = 4; lastKnownFileType = sourcecode.swift; path = "더하기.swift"; sourceTree = "<group>"; };
/* End PBXFileReference section */

/* Begin PBXFrameworksBuildPhase section */
		14B707181ECC2F7600B05154 /* Frameworks */ = {
			isa = PBXFrameworksBuildPhase;
			buildActionMask = 2147483647;
			files = (
			);
			runOnlyForDeploymentPostprocessing = 0;
		};
/* End PBXFrameworksBuildPhase section */

/* Begin PBXGroup section */
		14B707121ECC2F7600B05154 = {
			isa = PBXGroup;
			children = (
				14B7071D1ECC2F7600B05154 /* SwiftPratice */,
				14B7071C1ECC2F7600B05154 /* Products */,
			);
			sourceTree = "<group>";
		};
		14B7071C1ECC2F7600B05154 /* Products */ = {
			isa = PBXGroup;
			children = (
				14B7071B1ECC2F7600B05154 /* SwiftPratice */,
			);
			name = Products;
			sourceTree = "<group>";
		};
		14B7071D1ECC2F7600B05154 /* SwiftPratice */ = {
			isa = PBXGroup;
			children = (
				1494ED541ED018E300634DDE /* A나누기B.swift */,
				14B707251ECC2F9200B05154 /* 그대로출력하기.swift */,
				1494ED4F1ED017A400634DDE /* A+B.swift */,
				1494ED521ED017F400634DDE /* A-B.swift */,
				1494ED5B1ED01CE300634DDE /* A*B.swift */,
				1494ED5D1ED01D0200634DDE /* 사칙연산.swift */,
				1494ED5F1ED01EEB00634DDE /* A+B-2.swift */,
				14344E1E1ED2A43A002C5C45 /* A+B -3.swift */,
				14344E201ED2A773002C5C45 /* A+B -4.swift */,
				14344E221ED2A785002C5C45 /* A+B -5.swift */,
				14344E241ED2A844002C5C45 /* A+B -6.swift */,
				14344E261ED2A8D0002C5C45 /* A+B -7.swift */,
				14344E281ED2AC18002C5C45 /* A+B - 8.swift */,
				14344E2A1ED2AD3C002C5C45 /* N찍기.swift */,
				14D09B651ED2C9FA00D5EE70 /* 기찍N.swift */,
				14D09B671ED3C63D00D5EE70 /* 구구단.swift */,
				14D09B691ED3C78700D5EE70 /* 합.swift */,
				14D09B6D1ED444FA00D5EE70 /* 숫자의합.swift */,
				14F21C961ED668E400798612 /* string쪼개기.swift */,
				1420E4311EDC122E0038880E /* 시험성적.swift */,
				14F679A41EF13C5400D06DE1 /* 세 수.swift */,
				14F679A61EF147A500D06DE1 /* X보다 작은수.swift */,
				14F679A81EF1549300D06DE1 /* 평균.swift */,
				14F679B31EF2C95C00D06DE1 /* 수 정렬하기.swift */,
				14F679B61EF2CCC500D06DE1 /* 단어의 개수.swift */,
				14AA14A71EFAA8A1009B6CB6 /* 유니코드.swift */,
				14564A871F13B19500DC899C /* 평균점수.swift */,
				9815DD211F2AF2BC00166346 /* 네 개의 소수.swift */,
				9815DD231F2AF2ED00166346 /* 더하기.swift */,
				1460888A1F5D608900B88744 /* 최대공약수와 최소공배수.swift */,
				1460888C1F5D695B00B88744 /* 팰린드롬인지 확인하기.swift */,
				14DF119F1F67A41900509046 /* 문자열.swift */,
				14DF11A11F67A91600509046 /* Hello Judge.swift */,
				14DF11A31F67AA7D00509046 /* 전투 드로이드 가격.swift */,
				14DF11A51F67AD5D00509046 /* 상수.swift */,
				14DF11A71F67B13200509046 /* 정수의개수.swift */,
				14DF11A91F67B27E00509046 /* 뒤집힌 덧셈.swift */,
				14CF08A61F67B84000E055FB /* 개표.swift */,
				14CF08A81F67BA6C00E055FB /* 배수찾기.swift */,
				14CF08AA1F67BD6400E055FB /* 과제 안내신분..?.swift */,
				14CF08AD1F67C4F400E055FB /* 과자.swift */,
				14CF08AF1F67DE9500E055FB /* 일반화학실험.swift */,
				14CF08B11F67DFC600E055FB /* 아!.swift */,
				14CF08B31F67E0CD00E055FB /* KMP는 왜 KMP일까?.swift */,
				14CF08B51F680E2E00E055FB /* 제로.swift */,
				14CF08B71F68108800E055FB /* god.swift */,
				140869DA1F68F52000AA166B /* 첫글자를 대문자로.swift */,
				140869DC1F68F87100AA166B /* ㅇㅇ.swift */,
				140869DF1F6A2AB800AA166B /* 모음의 개수.swift */,
				140869E11F6A7C1800AA166B /* 소트인사이드.swift */,
				140869E31F6A800000AA166B /* 콘테스트.swift */,
				140869E51F6A810300AA166B /* 단어길이재기.swift */,
				140869E71F6A818F00AA166B /* 세로읽기(구현x).swift */,
				140869E91F6A852200AA166B /* 10부제->질문.swift */,
				140869EB1F6A879700AA166B /* 얼마?.swift */,
				140869ED1F6A8A0200AA166B /* 대소문자 바꾸기.swift */,
				140869F31F6AC32800AA166B /* 영수증.swift */,
				140869F51F6AC3B200AA166B /* BFS와 DFS.swift */,
				147E278E1F6FCBAA00A0570A /* 수들의 합.swift */,
				147E27901F6FCE2300A0570A /* Mini Fantasy War .swift */,
				147E27921F6FD24900A0570A /* not cute.swift */,
				147E27941F6FD45000A0570A /* 큐.swift */,
				1420EF2C1F7553710053C0B5 /* 국영수.swift */,
				14979EDD1F79043F002B0527 /* 스택.swift */,
				140526191F7BCCC800478AE9 /* 피보나치함수.swift */,
				140526411F811BD400478AE9 /* 괄호.swift */,
				14281D8F1F81211B00175D47 /* 홀수일까 짝수일까.swift */,
				14281D911F81278D00175D47 /* 가장 긴 감소하는 부분 수열-> 시간초과.swift */,
				14EAEF281F86510400827EDD /* 나무자르기.swift */,
				1436095D1F985A69006E266B /* 1로 만들기 -> 시간초과ㅡㅡ.swift */,
				143609621F9880B4006E266B /* 나이순 정렬.swift */,
				143609641F9883D5006E266B /* 좌표정렬하기 2.swift */,
				1436096C1F999919006E266B /* 디지털루트.swift */,
				1436096E1F99E2B6006E266B /* Adding Reversed Numbers.swift */,
				1436097A1F9E3286006E266B /* 앵그리창영.swift */,
				1436097C1F9E36A6006E266B /* 유니크.swift */,
				1436097E1F9E3FF2006E266B /* 에라토스테네스의 체.swift */,
				143609A41F9F0AC2006E266B /* POT.swift */,
				143609A61F9F0E6A006E266B /* 크리스마스 파티.swift */,
				143609A81F9F136D006E266B /* 소음.swift */,
				143609AA1F9F1763006E266B /* 이진수들의합.swift */,
				143609AD1F9F26C0006E266B /* 심부름 가는길.swift */,
				143609B11F9F3260006E266B /* 부녀회장이 될테야.swift */,
				143B41851FA05D0A0041D405 /* 보물.swift */,
				143B41871FA062160041D405 /* 세로읽기.swift */,
				14E83F641FA0BD2D00B59BCA /* 거스름돈.swift */,
				14E83F661FA0BF7A00B59BCA /* 농구경기.swift */,
				14E83F681FA0C2E900B59BCA /* TGN.swift */,
				14E83F6A1FA0C3ED00B59BCA /* 베르트랑 공준.swift */,
				14E83F6C1FA0C67600B59BCA /* 슈퍼마리오.swift */,
				14E83F6E1FA0C9CD00B59BCA /* 서버.swift */,
				14E83F701FA0CBE500B59BCA /* 계단오르기.swift */,
				14E83F991FA3743200B59BCA /* 파도반수열.swift */,
			);
			path = SwiftPratice;
			sourceTree = "<group>";
		};
/* End PBXGroup section */

/* Begin PBXNativeTarget section */
		14B7071A1ECC2F7600B05154 /* SwiftPratice */ = {
			isa = PBXNativeTarget;
			buildConfigurationList = 14B707221ECC2F7600B05154 /* Build configuration list for PBXNativeTarget "SwiftPratice" */;
			buildPhases = (
				14B707171ECC2F7600B05154 /* Sources */,
				14B707181ECC2F7600B05154 /* Frameworks */,
				14B707191ECC2F7600B05154 /* CopyFiles */,
			);
			buildRules = (
			);
			dependencies = (
			);
			name = SwiftPratice;
			productName = SwiftPratice;
			productReference = 14B7071B1ECC2F7600B05154 /* SwiftPratice */;
			productType = "com.apple.product-type.tool";
		};
/* End PBXNativeTarget section */

/* Begin PBXProject section */
		14B707131ECC2F7600B05154 /* Project object */ = {
			isa = PBXProject;
			attributes = {
				LastSwiftUpdateCheck = 0810;
				LastUpgradeCheck = 0830;
				ORGANIZATIONNAME = Zedd;
				TargetAttributes = {
					14B7071A1ECC2F7600B05154 = {
						CreatedOnToolsVersion = 8.1;
						DevelopmentTeam = 9BD2FZATPN;
						LastSwiftMigration = 0830;
						ProvisioningStyle = Automatic;
					};
				};
			};
			buildConfigurationList = 14B707161ECC2F7600B05154 /* Build configuration list for PBXProject "SwiftPratice" */;
			compatibilityVersion = "Xcode 3.2";
			developmentRegion = English;
			hasScannedForEncodings = 0;
			knownRegions = (
				en,
			);
			mainGroup = 14B707121ECC2F7600B05154;
			productRefGroup = 14B7071C1ECC2F7600B05154 /* Products */;
			projectDirPath = "";
			projectRoot = "";
			targets = (
				14B7071A1ECC2F7600B05154 /* SwiftPratice */,
			);
		};
/* End PBXProject section */

/* Begin PBXSourcesBuildPhase section */
		14B707171ECC2F7600B05154 /* Sources */ = {
			isa = PBXSourcesBuildPhase;
			buildActionMask = 2147483647;
			files = (
			);
			runOnlyForDeploymentPostprocessing = 0;
		};
/* End PBXSourcesBuildPhase section */

/* Begin XCBuildConfiguration section */
		14B707201ECC2F7600B05154 /* Debug */ = {
			isa = XCBuildConfiguration;
			buildSettings = {
				ALWAYS_SEARCH_USER_PATHS = NO;
				CLANG_ANALYZER_NONNULL = YES;
				CLANG_CXX_LANGUAGE_STANDARD = "gnu++0x";
				CLANG_CXX_LIBRARY = "libc++";
				CLANG_ENABLE_MODULES = YES;
				CLANG_ENABLE_OBJC_ARC = YES;
				CLANG_WARN_BOOL_CONVERSION = YES;
				CLANG_WARN_CONSTANT_CONVERSION = YES;
				CLANG_WARN_DIRECT_OBJC_ISA_USAGE = YES_ERROR;
				CLANG_WARN_DOCUMENTATION_COMMENTS = YES;
				CLANG_WARN_EMPTY_BODY = YES;
				CLANG_WARN_ENUM_CONVERSION = YES;
				CLANG_WARN_INFINITE_RECURSION = YES;
				CLANG_WARN_INT_CONVERSION = YES;
				CLANG_WARN_OBJC_ROOT_CLASS = YES_ERROR;
				CLANG_WARN_SUSPICIOUS_MOVE = YES;
				CLANG_WARN_SUSPICIOUS_MOVES = YES;
				CLANG_WARN_UNREACHABLE_CODE = YES;
				CLANG_WARN__DUPLICATE_METHOD_MATCH = YES;
				CODE_SIGN_IDENTITY = "-";
				COPY_PHASE_STRIP = NO;
				DEBUG_INFORMATION_FORMAT = dwarf;
				ENABLE_STRICT_OBJC_MSGSEND = YES;
				ENABLE_TESTABILITY = YES;
				GCC_C_LANGUAGE_STANDARD = gnu99;
				GCC_DYNAMIC_NO_PIC = NO;
				GCC_NO_COMMON_BLOCKS = YES;
				GCC_OPTIMIZATION_LEVEL = 0;
				GCC_PREPROCESSOR_DEFINITIONS = (
					"DEBUG=1",
					"$(inherited)",
				);
				GCC_WARN_64_TO_32_BIT_CONVERSION = YES;
				GCC_WARN_ABOUT_RETURN_TYPE = YES_ERROR;
				GCC_WARN_UNDECLARED_SELECTOR = YES;
				GCC_WARN_UNINITIALIZED_AUTOS = YES_AGGRESSIVE;
				GCC_WARN_UNUSED_FUNCTION = YES;
				GCC_WARN_UNUSED_VARIABLE = YES;
				MACOSX_DEPLOYMENT_TARGET = 10.12;
				MTL_ENABLE_DEBUG_INFO = YES;
				ONLY_ACTIVE_ARCH = YES;
				SDKROOT = macosx;
				SWIFT_OPTIMIZATION_LEVEL = "-Onone";
			};
			name = Debug;
		};
		14B707211ECC2F7600B05154 /* Release */ = {
			isa = XCBuildConfiguration;
			buildSettings = {
				ALWAYS_SEARCH_USER_PATHS = NO;
				CLANG_ANALYZER_NONNULL = YES;
				CLANG_CXX_LANGUAGE_STANDARD = "gnu++0x";
				CLANG_CXX_LIBRARY = "libc++";
				CLANG_ENABLE_MODULES = YES;
				CLANG_ENABLE_OBJC_ARC = YES;
				CLANG_WARN_BOOL_CONVERSION = YES;
				CLANG_WARN_CONSTANT_CONVERSION = YES;
				CLANG_WARN_DIRECT_OBJC_ISA_USAGE = YES_ERROR;
				CLANG_WARN_DOCUMENTATION_COMMENTS = YES;
				CLANG_WARN_EMPTY_BODY = YES;
				CLANG_WARN_ENUM_CONVERSION = YES;
				CLANG_WARN_INFINITE_RECURSION = YES;
				CLANG_WARN_INT_CONVERSION = YES;
				CLANG_WARN_OBJC_ROOT_CLASS = YES_ERROR;
				CLANG_WARN_SUSPICIOUS_MOVE = YES;
				CLANG_WARN_SUSPICIOUS_MOVES = YES;
				CLANG_WARN_UNREACHABLE_CODE = YES;
				CLANG_WARN__DUPLICATE_METHOD_MATCH = YES;
				CODE_SIGN_IDENTITY = "-";
				COPY_PHASE_STRIP = NO;
				DEBUG_INFORMATION_FORMAT = "dwarf-with-dsym";
				ENABLE_NS_ASSERTIONS = NO;
				ENABLE_STRICT_OBJC_MSGSEND = YES;
				GCC_C_LANGUAGE_STANDARD = gnu99;
				GCC_NO_COMMON_BLOCKS = YES;
				GCC_WARN_64_TO_32_BIT_CONVERSION = YES;
				GCC_WARN_ABOUT_RETURN_TYPE = YES_ERROR;
				GCC_WARN_UNDECLARED_SELECTOR = YES;
				GCC_WARN_UNINITIALIZED_AUTOS = YES_AGGRESSIVE;
				GCC_WARN_UNUSED_FUNCTION = YES;
				GCC_WARN_UNUSED_VARIABLE = YES;
				MACOSX_DEPLOYMENT_TARGET = 10.12;
				MTL_ENABLE_DEBUG_INFO = NO;
				SDKROOT = macosx;
				SWIFT_OPTIMIZATION_LEVEL = "-Owholemodule";
			};
			name = Release;
		};
		14B707231ECC2F7600B05154 /* Debug */ = {
			isa = XCBuildConfiguration;
			buildSettings = {
				CLANG_ENABLE_MODULES = YES;
				DEVELOPMENT_TEAM = 9BD2FZATPN;
				LD_RUNPATH_SEARCH_PATHS = "$(inherited) @executable_path/../Frameworks @loader_path/../Frameworks";
				PRODUCT_NAME = "$(TARGET_NAME)";
				SWIFT_OPTIMIZATION_LEVEL = "-Onone";
				SWIFT_VERSION = 3.0;
			};
			name = Debug;
		};
		14B707241ECC2F7600B05154 /* Release */ = {
			isa = XCBuildConfiguration;
			buildSettings = {
				CLANG_ENABLE_MODULES = YES;
				DEVELOPMENT_TEAM = 9BD2FZATPN;
				LD_RUNPATH_SEARCH_PATHS = "$(inherited) @executable_path/../Frameworks @loader_path/../Frameworks";
				PRODUCT_NAME = "$(TARGET_NAME)";
				SWIFT_VERSION = 3.0;
			};
			name = Release;
		};
/* End XCBuildConfiguration section */

/* Begin XCConfigurationList section */
		14B707161ECC2F7600B05154 /* Build configuration list for PBXProject "SwiftPratice" */ = {
			isa = XCConfigurationList;
			buildConfigurations = (
				14B707201ECC2F7600B05154 /* Debug */,
				14B707211ECC2F7600B05154 /* Release */,
			);
			defaultConfigurationIsVisible = 0;
			defaultConfigurationName = Release;
		};
		14B707221ECC2F7600B05154 /* Build configuration list for PBXNativeTarget "SwiftPratice" */ = {
			isa = XCConfigurationList;
			buildConfigurations = (
				14B707231ECC2F7600B05154 /* Debug */,
				14B707241ECC2F7600B05154 /* Release */,
			);
			defaultConfigurationIsVisible = 0;
			defaultConfigurationName = Release;
		};
/* End XCConfigurationList section */
	};
	rootObject = 14B707131ECC2F7600B05154 /* Project object */;
}
