// !$*UTF8*$!
{
	archiveVersion = 1;
	classes = {
	};
	objectVersion = 46;
	objects = {

/* Begin PBXBuildFile section */
		140D7B7B2423359F00060374 /* 이상한 곱셈.swift in Sources */ = {isa = PBXBuildFile; fileRef = 140D7B7A2423359F00060374 /* 이상한 곱셈.swift */; };
/* End PBXBuildFile section */

/* Begin PBXCopyFilesBuildPhase section */
		14B707191ECC2F7600B05154 /* CopyFiles */ = {
			isa = PBXCopyFilesBuildPhase;
			buildActionMask = 2147483647;
			dstPath = /usr/share/man/man1/;
			dstSubfolderSpec = 0;
			files = (
			);
			runOnlyForDeploymentPostprocessing = 1;
		};
/* End PBXCopyFilesBuildPhase section */

/* Begin PBXFileReference section */
		1404DB7521BF6DB700F43331 /* 이진수변환.swift */ = {isa = PBXFileReference; lastKnownFileType = sourcecode.swift; path = "이진수변환.swift"; sourceTree = "<group>"; };
		1404DB7721BF6ED400F43331 /* 네 수.swift */ = {isa = PBXFileReference; lastKnownFileType = sourcecode.swift; path = "네 수.swift"; sourceTree = "<group>"; };
		140526191F7BCCC800478AE9 /* 피보나치함수.swift */ = {isa = PBXFileReference; fileEncoding = 4; lastKnownFileType = sourcecode.swift; path = "피보나치함수.swift"; sourceTree = "<group>"; };
		140526411F811BD400478AE9 /* 괄호.swift */ = {isa = PBXFileReference; fileEncoding = 4; lastKnownFileType = sourcecode.swift; path = "괄호.swift"; sourceTree = "<group>"; };
		1406CFD91FD657AB00C9D792 /* 알파벳거리.swift */ = {isa = PBXFileReference; lastKnownFileType = sourcecode.swift; path = "알파벳거리.swift"; sourceTree = "<group>"; };
		140869DA1F68F52000AA166B /* 첫글자를 대문자로.swift */ = {isa = PBXFileReference; fileEncoding = 4; lastKnownFileType = sourcecode.swift; path = "첫글자를 대문자로.swift"; sourceTree = "<group>"; };
		140869DC1F68F87100AA166B /* ㅇㅇ.swift */ = {isa = PBXFileReference; fileEncoding = 4; lastKnownFileType = sourcecode.swift; path = "ㅇㅇ.swift"; sourceTree = "<group>"; };
		140869DF1F6A2AB800AA166B /* 모음의 개수.swift */ = {isa = PBXFileReference; fileEncoding = 4; lastKnownFileType = sourcecode.swift; path = "모음의 개수.swift"; sourceTree = "<group>"; };
		140869E11F6A7C1800AA166B /* 소트인사이드.swift */ = {isa = PBXFileReference; fileEncoding = 4; lastKnownFileType = sourcecode.swift; path = "소트인사이드.swift"; sourceTree = "<group>"; };
		140869E31F6A800000AA166B /* 콘테스트.swift */ = {isa = PBXFileReference; fileEncoding = 4; lastKnownFileType = sourcecode.swift; path = "콘테스트.swift"; sourceTree = "<group>"; };
		140869E51F6A810300AA166B /* 단어길이재기.swift */ = {isa = PBXFileReference; fileEncoding = 4; lastKnownFileType = sourcecode.swift; path = "단어길이재기.swift"; sourceTree = "<group>"; };
		140869E71F6A818F00AA166B /* 세로읽기(구현x).swift */ = {isa = PBXFileReference; fileEncoding = 4; lastKnownFileType = sourcecode.swift; path = "세로읽기(구현x).swift"; sourceTree = "<group>"; };
		140869E91F6A852200AA166B /* 10부제->질문.swift */ = {isa = PBXFileReference; fileEncoding = 4; lastKnownFileType = sourcecode.swift; path = "10부제->질문.swift"; sourceTree = "<group>"; };
		140869EB1F6A879700AA166B /* 얼마?.swift */ = {isa = PBXFileReference; fileEncoding = 4; lastKnownFileType = sourcecode.swift; path = "얼마?.swift"; sourceTree = "<group>"; };
		140869ED1F6A8A0200AA166B /* 대소문자 바꾸기.swift */ = {isa = PBXFileReference; fileEncoding = 4; lastKnownFileType = sourcecode.swift; path = "대소문자 바꾸기.swift"; sourceTree = "<group>"; };
		140869F31F6AC32800AA166B /* 영수증.swift */ = {isa = PBXFileReference; fileEncoding = 4; lastKnownFileType = sourcecode.swift; path = "영수증.swift"; sourceTree = "<group>"; };
		140869F51F6AC3B200AA166B /* BFS와 DFS.swift */ = {isa = PBXFileReference; fileEncoding = 4; lastKnownFileType = sourcecode.swift; path = "BFS와 DFS.swift"; sourceTree = "<group>"; };
		140D7B2824220C7B00060374 /* Sum of Odd Sequence.swift */ = {isa = PBXFileReference; lastKnownFileType = sourcecode.swift; path = "Sum of Odd Sequence.swift"; sourceTree = "<group>"; };
		140D7B782423348A00060374 /* 1998년생인 내가 태국에서는 2541년생?!.swift */ = {isa = PBXFileReference; lastKnownFileType = sourcecode.swift; path = "1998년생인 내가 태국에서는 2541년생?!.swift"; sourceTree = "<group>"; };
		140D7B7A2423359F00060374 /* 이상한 곱셈.swift */ = {isa = PBXFileReference; lastKnownFileType = sourcecode.swift; path = "이상한 곱셈.swift"; sourceTree = "<group>"; };
		1411D6AA1FE6A01900291645 /* 최소, 최대 using function.swift */ = {isa = PBXFileReference; lastKnownFileType = sourcecode.swift; path = "최소, 최대 using function.swift"; sourceTree = "<group>"; };
		1413F2D8222DFE8700947E2D /* 단어 정렬.swift */ = {isa = PBXFileReference; lastKnownFileType = sourcecode.swift; path = "단어 정렬.swift"; sourceTree = "<group>"; };
		141B53912014D52F0046E074 /* R2.swift */ = {isa = PBXFileReference; lastKnownFileType = sourcecode.swift; path = R2.swift; sourceTree = "<group>"; };
		141FDE5A23ED616B008DA550 /* 사분면 고르기.swift */ = {isa = PBXFileReference; lastKnownFileType = sourcecode.swift; path = "사분면 고르기.swift"; sourceTree = "<group>"; };
		1420464D1FDFA765009040CA /* 아스키코드.swift */ = {isa = PBXFileReference; lastKnownFileType = sourcecode.swift; path = "아스키코드.swift"; sourceTree = "<group>"; };
		142046AB1FE0EB5F009040CA /* 한글.swift */ = {isa = PBXFileReference; lastKnownFileType = sourcecode.swift; path = "한글.swift"; sourceTree = "<group>"; };
		1420E4311EDC122E0038880E /* 시험성적.swift */ = {isa = PBXFileReference; fileEncoding = 4; lastKnownFileType = sourcecode.swift; path = "시험성적.swift"; sourceTree = "<group>"; };
		1420EF2C1F7553710053C0B5 /* 국영수.swift */ = {isa = PBXFileReference; fileEncoding = 4; lastKnownFileType = sourcecode.swift; path = "국영수.swift"; sourceTree = "<group>"; };
		142303311FE29EC300E62489 /* 최소, 최대.swift */ = {isa = PBXFileReference; lastKnownFileType = sourcecode.swift; path = "최소, 최대.swift"; sourceTree = "<group>"; };
		14281D8F1F81211B00175D47 /* 홀수일까 짝수일까.swift */ = {isa = PBXFileReference; fileEncoding = 4; lastKnownFileType = sourcecode.swift; path = "홀수일까 짝수일까.swift"; sourceTree = "<group>"; };
		14281D911F81278D00175D47 /* 가장 긴 감소하는 부분 수열-> 시간초과.swift */ = {isa = PBXFileReference; fileEncoding = 4; lastKnownFileType = sourcecode.swift; path = "가장 긴 감소하는 부분 수열-> 시간초과.swift"; sourceTree = "<group>"; };
		1428B9FA2202848000DF9D4B /* 기억안나는 문제.swift */ = {isa = PBXFileReference; lastKnownFileType = sourcecode.swift; path = "기억안나는 문제.swift"; sourceTree = "<group>"; };
		1429418B222183ED0048FF21 /* 더하기3.swift */ = {isa = PBXFileReference; lastKnownFileType = sourcecode.swift; path = "더하기3.swift"; sourceTree = "<group>"; };
		1429418D222184AC0048FF21 /* 수학은 체육과목입니다..swift */ = {isa = PBXFileReference; lastKnownFileType = sourcecode.swift; path = "수학은 체육과목입니다..swift"; sourceTree = "<group>"; };
		1429418F222273C70048FF21 /* 수 뒤집기.swift */ = {isa = PBXFileReference; lastKnownFileType = sourcecode.swift; path = "수 뒤집기.swift"; sourceTree = "<group>"; };
		142941912222752A0048FF21 /* 아름다운수.swift */ = {isa = PBXFileReference; lastKnownFileType = sourcecode.swift; path = "아름다운수.swift"; sourceTree = "<group>"; };
		14294193222276030048FF21 /* 약수들의 합.swift */ = {isa = PBXFileReference; lastKnownFileType = sourcecode.swift; path = "약수들의 합.swift"; sourceTree = "<group>"; };
		1429419522227A900048FF21 /* 희주의 수학시험.swift */ = {isa = PBXFileReference; lastKnownFileType = sourcecode.swift; path = "희주의 수학시험.swift"; sourceTree = "<group>"; };
		142B05011FD5172A00B32568 /* 통계학.swift */ = {isa = PBXFileReference; lastKnownFileType = sourcecode.swift; path = "통계학.swift"; sourceTree = "<group>"; };
		1430436C20382A7E0062934A /* 치킨두마리.swift */ = {isa = PBXFileReference; lastKnownFileType = sourcecode.swift; path = "치킨두마리.swift"; sourceTree = "<group>"; };
		1430436E20382C5B0062934A /* 9진수.swift */ = {isa = PBXFileReference; lastKnownFileType = sourcecode.swift; path = "9진수.swift"; sourceTree = "<group>"; };
		1430437020382D930062934A /* 백대열.swift */ = {isa = PBXFileReference; lastKnownFileType = sourcecode.swift; path = "백대열.swift"; sourceTree = "<group>"; };
		1432F09C1FECE313000D23AA /* 나무조각.swift */ = {isa = PBXFileReference; lastKnownFileType = sourcecode.swift; path = "나무조각.swift"; sourceTree = "<group>"; };
		1432F09E1FECE5EA000D23AA /* 설탕배달.swift */ = {isa = PBXFileReference; lastKnownFileType = sourcecode.swift; path = "설탕배달.swift"; sourceTree = "<group>"; };
		14344E1E1ED2A43A002C5C45 /* A+B -3.swift */ = {isa = PBXFileReference; fileEncoding = 4; lastKnownFileType = sourcecode.swift; path = "A+B -3.swift"; sourceTree = "<group>"; };
		14344E201ED2A773002C5C45 /* A+B -4.swift */ = {isa = PBXFileReference; fileEncoding = 4; lastKnownFileType = sourcecode.swift; path = "A+B -4.swift"; sourceTree = "<group>"; };
		14344E221ED2A785002C5C45 /* A+B -5.swift */ = {isa = PBXFileReference; fileEncoding = 4; lastKnownFileType = sourcecode.swift; path = "A+B -5.swift"; sourceTree = "<group>"; };
		14344E241ED2A844002C5C45 /* A+B -6.swift */ = {isa = PBXFileReference; fileEncoding = 4; lastKnownFileType = sourcecode.swift; path = "A+B -6.swift"; sourceTree = "<group>"; };
		14344E261ED2A8D0002C5C45 /* A+B -7.swift */ = {isa = PBXFileReference; fileEncoding = 4; lastKnownFileType = sourcecode.swift; path = "A+B -7.swift"; sourceTree = "<group>"; };
		14344E281ED2AC18002C5C45 /* A+B - 8.swift */ = {isa = PBXFileReference; fileEncoding = 4; lastKnownFileType = sourcecode.swift; path = "A+B - 8.swift"; sourceTree = "<group>"; };
		14344E2A1ED2AD3C002C5C45 /* N찍기.swift */ = {isa = PBXFileReference; fileEncoding = 4; lastKnownFileType = sourcecode.swift; path = "N찍기.swift"; sourceTree = "<group>"; };
		1436095D1F985A69006E266B /* 1로 만들기 -> 시간초과ㅡㅡ.swift */ = {isa = PBXFileReference; fileEncoding = 4; lastKnownFileType = sourcecode.swift; path = "1로 만들기 -> 시간초과ㅡㅡ.swift"; sourceTree = "<group>"; };
		143609621F9880B4006E266B /* 나이순 정렬.swift */ = {isa = PBXFileReference; fileEncoding = 4; lastKnownFileType = sourcecode.swift; path = "나이순 정렬.swift"; sourceTree = "<group>"; };
		143609641F9883D5006E266B /* 좌표정렬하기 2.swift */ = {isa = PBXFileReference; fileEncoding = 4; lastKnownFileType = sourcecode.swift; path = "좌표정렬하기 2.swift"; sourceTree = "<group>"; };
		1436096C1F999919006E266B /* 디지털루트.swift */ = {isa = PBXFileReference; fileEncoding = 4; lastKnownFileType = sourcecode.swift; path = "디지털루트.swift"; sourceTree = "<group>"; };
		1436096E1F99E2B6006E266B /* Adding Reversed Numbers.swift */ = {isa = PBXFileReference; fileEncoding = 4; lastKnownFileType = sourcecode.swift; path = "Adding Reversed Numbers.swift"; sourceTree = "<group>"; };
		1436097A1F9E3286006E266B /* 앵그리창영.swift */ = {isa = PBXFileReference; fileEncoding = 4; lastKnownFileType = sourcecode.swift; path = "앵그리창영.swift"; sourceTree = "<group>"; };
		1436097C1F9E36A6006E266B /* 유니크.swift */ = {isa = PBXFileReference; fileEncoding = 4; lastKnownFileType = sourcecode.swift; path = "유니크.swift"; sourceTree = "<group>"; };
		1436097E1F9E3FF2006E266B /* 에라토스테네스의 체.swift */ = {isa = PBXFileReference; fileEncoding = 4; lastKnownFileType = sourcecode.swift; path = "에라토스테네스의 체.swift"; sourceTree = "<group>"; };
		143609A41F9F0AC2006E266B /* POT.swift */ = {isa = PBXFileReference; fileEncoding = 4; lastKnownFileType = sourcecode.swift; path = POT.swift; sourceTree = "<group>"; };
		143609A61F9F0E6A006E266B /* 크리스마스 파티.swift */ = {isa = PBXFileReference; fileEncoding = 4; lastKnownFileType = sourcecode.swift; path = "크리스마스 파티.swift"; sourceTree = "<group>"; };
		143609A81F9F136D006E266B /* 소음.swift */ = {isa = PBXFileReference; fileEncoding = 4; lastKnownFileType = sourcecode.swift; path = "소음.swift"; sourceTree = "<group>"; };
		143609AA1F9F1763006E266B /* 이진수들의합.swift */ = {isa = PBXFileReference; fileEncoding = 4; lastKnownFileType = sourcecode.swift; path = "이진수들의합.swift"; sourceTree = "<group>"; };
		143609AD1F9F26C0006E266B /* 심부름 가는길.swift */ = {isa = PBXFileReference; fileEncoding = 4; lastKnownFileType = sourcecode.swift; path = "심부름 가는길.swift"; sourceTree = "<group>"; };
		143609B11F9F3260006E266B /* 부녀회장이 될테야.swift */ = {isa = PBXFileReference; fileEncoding = 4; lastKnownFileType = sourcecode.swift; path = "부녀회장이 될테야.swift"; sourceTree = "<group>"; };
		143B41851FA05D0A0041D405 /* 보물.swift */ = {isa = PBXFileReference; fileEncoding = 4; lastKnownFileType = sourcecode.swift; path = "보물.swift"; sourceTree = "<group>"; };
		143B41871FA062160041D405 /* 세로읽기.swift */ = {isa = PBXFileReference; fileEncoding = 4; lastKnownFileType = sourcecode.swift; path = "세로읽기.swift"; sourceTree = "<group>"; };
		1446DC56222166DF00781730 /* 정수제곱근.swift */ = {isa = PBXFileReference; lastKnownFileType = sourcecode.swift; path = "정수제곱근.swift"; sourceTree = "<group>"; };
		1446DC58222168D000781730 /* A나누기B - 18점.swift */ = {isa = PBXFileReference; lastKnownFileType = sourcecode.swift; path = "A나누기B - 18점.swift"; sourceTree = "<group>"; };
		1446DC5A22216B9500781730 /* 거북이.swift */ = {isa = PBXFileReference; lastKnownFileType = sourcecode.swift; path = "거북이.swift"; sourceTree = "<group>"; };
		1446DC5C22216D7F00781730 /* 홍익대학교.swift */ = {isa = PBXFileReference; lastKnownFileType = sourcecode.swift; path = "홍익대학교.swift"; sourceTree = "<group>"; };
		1446DC5E22216E2100781730 /* 연세대학교.swift */ = {isa = PBXFileReference; lastKnownFileType = sourcecode.swift; path = "연세대학교.swift"; sourceTree = "<group>"; };
		1446DC6022216ED800781730 /* 싱기한 네자리 숫자.swift */ = {isa = PBXFileReference; lastKnownFileType = sourcecode.swift; path = "싱기한 네자리 숫자.swift"; sourceTree = "<group>"; };
		1446DC622221755800781730 /* 8,10,16진수.swift */ = {isa = PBXFileReference; lastKnownFileType = sourcecode.swift; path = "8,10,16진수.swift"; sourceTree = "<group>"; };
		1446DC64222178C700781730 /* 맞았는데 왜 틀리죠?.swift */ = {isa = PBXFileReference; lastKnownFileType = sourcecode.swift; path = "맞았는데 왜 틀리죠?.swift"; sourceTree = "<group>"; };
		1449B1591FD58A2E00DC676C /* 문자열반복.swift */ = {isa = PBXFileReference; lastKnownFileType = sourcecode.swift; path = "문자열반복.swift"; sourceTree = "<group>"; };
		144C54A01FAB0E560041BFDF /* 평균은 넘겠지.swift */ = {isa = PBXFileReference; fileEncoding = 4; lastKnownFileType = sourcecode.swift; path = "평균은 넘겠지.swift"; sourceTree = "<group>"; };
		144C54A21FAB0E940041BFDF /* 단어정렬.swift */ = {isa = PBXFileReference; fileEncoding = 4; lastKnownFileType = sourcecode.swift; path = "단어정렬.swift"; sourceTree = "<group>"; };
		144F33411FC9788F0056A02C /* 폰노이만과 파리.swift */ = {isa = PBXFileReference; fileEncoding = 4; lastKnownFileType = sourcecode.swift; path = "폰노이만과 파리.swift"; sourceTree = "<group>"; };
		1452E8271FDD42D1001B3A89 /* 덱.swift */ = {isa = PBXFileReference; lastKnownFileType = sourcecode.swift; path = "덱.swift"; sourceTree = "<group>"; };
		14564A871F13B19500DC899C /* 평균점수.swift */ = {isa = PBXFileReference; fileEncoding = 4; lastKnownFileType = sourcecode.swift; path = "평균점수.swift"; sourceTree = "<group>"; };
		145C7ADE1FF623FD006538FC /* 나누기->왜틀리지?.swift */ = {isa = PBXFileReference; lastKnownFileType = sourcecode.swift; path = "나누기->왜틀리지?.swift"; sourceTree = "<group>"; };
		145C7AE01FF628E4006538FC /* TV크기.swift */ = {isa = PBXFileReference; lastKnownFileType = sourcecode.swift; path = "TV크기.swift"; sourceTree = "<group>"; };
		145D4D6D1FFA466C0052E87C /* 저항.swift */ = {isa = PBXFileReference; lastKnownFileType = sourcecode.swift; path = "저항.swift"; sourceTree = "<group>"; };
		1460888A1F5D608900B88744 /* 최대공약수와 최소공배수.swift */ = {isa = PBXFileReference; fileEncoding = 4; lastKnownFileType = sourcecode.swift; path = "최대공약수와 최소공배수.swift"; sourceTree = "<group>"; };
		1460888C1F5D695B00B88744 /* 팰린드롬인지 확인하기.swift */ = {isa = PBXFileReference; fileEncoding = 4; lastKnownFileType = sourcecode.swift; path = "팰린드롬인지 확인하기.swift"; sourceTree = "<group>"; };
		146394572122843C00FC601C /* 첼시를 도와줘!.swift */ = {isa = PBXFileReference; lastKnownFileType = sourcecode.swift; path = "첼시를 도와줘!.swift"; sourceTree = "<group>"; };
		1468AB2F1FC2FBFE00E03829 /* FBI.swift */ = {isa = PBXFileReference; fileEncoding = 4; lastKnownFileType = sourcecode.swift; path = FBI.swift; sourceTree = "<group>"; };
		146D5B421FF20BAA00CA8AA1 /* 합8393.swift */ = {isa = PBXFileReference; lastKnownFileType = sourcecode.swift; path = "합8393.swift"; sourceTree = "<group>"; };
		14759AAA2421232600491238 /* 알람 시계.swift */ = {isa = PBXFileReference; lastKnownFileType = sourcecode.swift; path = "알람 시계.swift"; sourceTree = "<group>"; };
		14759AAC242127DF00491238 /* CASIO.swift */ = {isa = PBXFileReference; lastKnownFileType = sourcecode.swift; path = CASIO.swift; sourceTree = "<group>"; };
		1475E7602005CEE300B7B645 /* 등수매기기.swift */ = {isa = PBXFileReference; lastKnownFileType = sourcecode.swift; path = "등수매기기.swift"; sourceTree = "<group>"; };
		1475E7622005D07200B7B645 /* 해밍 거리.swift */ = {isa = PBXFileReference; lastKnownFileType = sourcecode.swift; path = "해밍 거리.swift"; sourceTree = "<group>"; };
		147614592003591100AFB5E6 /* 집합-시간초과.swift */ = {isa = PBXFileReference; lastKnownFileType = sourcecode.swift; path = "집합-시간초과.swift"; sourceTree = "<group>"; };
		14795E101FEA1A3500021F5A /* 하노이탑.swift */ = {isa = PBXFileReference; lastKnownFileType = sourcecode.swift; path = "하노이탑.swift"; sourceTree = "<group>"; };
		14795E161FEA4C9B00021F5A /* 숫자카드.swift */ = {isa = PBXFileReference; lastKnownFileType = sourcecode.swift; path = "숫자카드.swift"; sourceTree = "<group>"; };
		147E278E1F6FCBAA00A0570A /* 수들의 합.swift */ = {isa = PBXFileReference; fileEncoding = 4; lastKnownFileType = sourcecode.swift; path = "수들의 합.swift"; sourceTree = "<group>"; };
		147E27901F6FCE2300A0570A /* Mini Fantasy War .swift */ = {isa = PBXFileReference; fileEncoding = 4; lastKnownFileType = sourcecode.swift; path = "Mini Fantasy War .swift"; sourceTree = "<group>"; };
		147E27921F6FD24900A0570A /* not cute.swift */ = {isa = PBXFileReference; fileEncoding = 4; lastKnownFileType = sourcecode.swift; path = "not cute.swift"; sourceTree = "<group>"; };
		147E27941F6FD45000A0570A /* 큐.swift */ = {isa = PBXFileReference; fileEncoding = 4; lastKnownFileType = sourcecode.swift; path = "큐.swift"; sourceTree = "<group>"; };
		148A41BE23BC94E30081C47E /* 한다안한다.swift */ = {isa = PBXFileReference; lastKnownFileType = sourcecode.swift; path = "한다안한다.swift"; sourceTree = "<group>"; };
		148A41C023BC996B0081C47E /* 문자열 집합.swift */ = {isa = PBXFileReference; lastKnownFileType = sourcecode.swift; path = "문자열 집합.swift"; sourceTree = "<group>"; };
		148A41C223BC9B370081C47E /* 삼각형 외우기.swift */ = {isa = PBXFileReference; lastKnownFileType = sourcecode.swift; path = "삼각형 외우기.swift"; sourceTree = "<group>"; };
		148A41C423BC9EAF0081C47E /* 파일 완전 삭제.swift */ = {isa = PBXFileReference; lastKnownFileType = sourcecode.swift; path = "파일 완전 삭제.swift"; sourceTree = "<group>"; };
		148A5A7A1FCAC2CA0037F2DF /* 소수->왜틀림?.swift */ = {isa = PBXFileReference; fileEncoding = 4; lastKnownFileType = sourcecode.swift; path = "소수->왜틀림?.swift"; sourceTree = "<group>"; };
		148CE7991FBC65E80016D00D /* 나머지.swift */ = {isa = PBXFileReference; fileEncoding = 4; lastKnownFileType = sourcecode.swift; path = "나머지.swift"; sourceTree = "<group>"; };
		148CE79B1FBC678D0016D00D /* 베스트셀러.swift */ = {isa = PBXFileReference; fileEncoding = 4; lastKnownFileType = sourcecode.swift; path = "베스트셀러.swift"; sourceTree = "<group>"; };
		148CE79D1FBEA2BE0016D00D /* 하얀칸.swift */ = {isa = PBXFileReference; fileEncoding = 4; lastKnownFileType = sourcecode.swift; path = "하얀칸.swift"; sourceTree = "<group>"; };
		148CE79F1FBEA8E30016D00D /* 다면체.swift */ = {isa = PBXFileReference; fileEncoding = 4; lastKnownFileType = sourcecode.swift; path = "다면체.swift"; sourceTree = "<group>"; };
		148CE7A31FBF0D530016D00D /* 2진수 뒤집기.swift */ = {isa = PBXFileReference; fileEncoding = 4; lastKnownFileType = sourcecode.swift; path = "2진수 뒤집기.swift"; sourceTree = "<group>"; };
		148CE7A51FBF12670016D00D /* 분해합.swift */ = {isa = PBXFileReference; fileEncoding = 4; lastKnownFileType = sourcecode.swift; path = "분해합.swift"; sourceTree = "<group>"; };
		148DF38D20386F8B0088F205 /* 전자레인지.swift */ = {isa = PBXFileReference; lastKnownFileType = sourcecode.swift; path = "전자레인지.swift"; sourceTree = "<group>"; };
		148DF38F2038759D0088F205 /* Quick Estimates .swift */ = {isa = PBXFileReference; lastKnownFileType = sourcecode.swift; path = "Quick Estimates .swift"; sourceTree = "<group>"; };
		148DF391203878780088F205 /* 히스토그램.swift */ = {isa = PBXFileReference; lastKnownFileType = sourcecode.swift; path = "히스토그램.swift"; sourceTree = "<group>"; };
		148DF39320387A6D0088F205 /* Presents .swift */ = {isa = PBXFileReference; lastKnownFileType = sourcecode.swift; path = "Presents .swift"; sourceTree = "<group>"; };
		148DF39520387D850088F205 /* Holes.swift */ = {isa = PBXFileReference; lastKnownFileType = sourcecode.swift; path = Holes.swift; sourceTree = "<group>"; };
		148DF39720392B380088F205 /* 거꾸로 구구단.swift */ = {isa = PBXFileReference; lastKnownFileType = sourcecode.swift; path = "거꾸로 구구단.swift"; sourceTree = "<group>"; };
		148DF39920392D630088F205 /* Collatz Conjecture.swift */ = {isa = PBXFileReference; lastKnownFileType = sourcecode.swift; path = "Collatz Conjecture.swift"; sourceTree = "<group>"; };
		148DF39B20392F1B0088F205 /* 팰린드롬 (Palindromes).swift */ = {isa = PBXFileReference; lastKnownFileType = sourcecode.swift; path = "팰린드롬 (Palindromes).swift"; sourceTree = "<group>"; };
		148DF39D2039327C0088F205 /* 단어 순서 뒤집기.swift */ = {isa = PBXFileReference; lastKnownFileType = sourcecode.swift; path = "단어 순서 뒤집기.swift"; sourceTree = "<group>"; };
		148DF39F203936DF0088F205 /* 파일옮기기.swift */ = {isa = PBXFileReference; lastKnownFileType = sourcecode.swift; path = "파일옮기기.swift"; sourceTree = "<group>"; };
		148EC2F020049FF1001C6642 /* 인생점수.swift */ = {isa = PBXFileReference; lastKnownFileType = sourcecode.swift; path = "인생점수.swift"; sourceTree = "<group>"; };
		148F64721FB6D02900113341 /* 윷놀이.swift */ = {isa = PBXFileReference; fileEncoding = 4; lastKnownFileType = sourcecode.swift; path = "윷놀이.swift"; sourceTree = "<group>"; };
		148F64741FB6D1E100113341 /* 택시기하학.swift */ = {isa = PBXFileReference; fileEncoding = 4; lastKnownFileType = sourcecode.swift; path = "택시기하학.swift"; sourceTree = "<group>"; };
		148F64761FB6D40800113341 /* 링.swift */ = {isa = PBXFileReference; fileEncoding = 4; lastKnownFileType = sourcecode.swift; path = "링.swift"; sourceTree = "<group>"; };
		148F64781FB6EAE200113341 /* 공.swift */ = {isa = PBXFileReference; fileEncoding = 4; lastKnownFileType = sourcecode.swift; path = "공.swift"; sourceTree = "<group>"; };
		148F647A1FB8906600113341 /* 배수와 약수.swift */ = {isa = PBXFileReference; fileEncoding = 4; lastKnownFileType = sourcecode.swift; path = "배수와 약수.swift"; sourceTree = "<group>"; };
		148F649A1FBAFA5C00113341 /* 좌표정렬하기.swift */ = {isa = PBXFileReference; fileEncoding = 4; lastKnownFileType = sourcecode.swift; path = "좌표정렬하기.swift"; sourceTree = "<group>"; };
		148F649C1FBAFCDB00113341 /* 16진수.swift */ = {isa = PBXFileReference; fileEncoding = 4; lastKnownFileType = sourcecode.swift; path = "16진수.swift"; sourceTree = "<group>"; };
		148F649E1FBAFE5C00113341 /* 최소공배수.swift */ = {isa = PBXFileReference; fileEncoding = 4; lastKnownFileType = sourcecode.swift; path = "최소공배수.swift"; sourceTree = "<group>"; };
		14932DCA1FD182E9009CA137 /* 음계.swift */ = {isa = PBXFileReference; fileEncoding = 4; lastKnownFileType = sourcecode.swift; path = "음계.swift"; sourceTree = "<group>"; };
		14932DCC1FD18981009CA137 /* 알파벳찾기.swift */ = {isa = PBXFileReference; fileEncoding = 4; lastKnownFileType = sourcecode.swift; path = "알파벳찾기.swift"; sourceTree = "<group>"; };
		1494ED4F1ED017A400634DDE /* A+B.swift */ = {isa = PBXFileReference; fileEncoding = 4; lastKnownFileType = sourcecode.swift; path = "A+B.swift"; sourceTree = "<group>"; };
		1494ED521ED017F400634DDE /* A-B.swift */ = {isa = PBXFileReference; fileEncoding = 4; lastKnownFileType = sourcecode.swift; path = "A-B.swift"; sourceTree = "<group>"; };
		1494ED541ED018E300634DDE /* A나누기B.swift */ = {isa = PBXFileReference; fileEncoding = 4; lastKnownFileType = sourcecode.swift; path = "A나누기B.swift"; sourceTree = "<group>"; };
		1494ED5B1ED01CE300634DDE /* A*B.swift */ = {isa = PBXFileReference; fileEncoding = 4; lastKnownFileType = sourcecode.swift; path = "A*B.swift"; sourceTree = "<group>"; };
		1494ED5D1ED01D0200634DDE /* 사칙연산.swift */ = {isa = PBXFileReference; fileEncoding = 4; lastKnownFileType = sourcecode.swift; path = "사칙연산.swift"; sourceTree = "<group>"; };
		1494ED5F1ED01EEB00634DDE /* A+B-2.swift */ = {isa = PBXFileReference; fileEncoding = 4; lastKnownFileType = sourcecode.swift; path = "A+B-2.swift"; sourceTree = "<group>"; };
		1496520C200F481800B35E2C /* 박사과정.swift */ = {isa = PBXFileReference; lastKnownFileType = sourcecode.swift; path = "박사과정.swift"; sourceTree = "<group>"; };
		1496520E200F4A3400B35E2C /* 이친수.swift */ = {isa = PBXFileReference; lastKnownFileType = sourcecode.swift; path = "이친수.swift"; sourceTree = "<group>"; };
		149711D71FC863AF0069F6D8 /* 더하기2.swift */ = {isa = PBXFileReference; fileEncoding = 4; lastKnownFileType = sourcecode.swift; path = "더하기2.swift"; sourceTree = "<group>"; };
		149711D91FC864950069F6D8 /* 3n+1수열.swift */ = {isa = PBXFileReference; fileEncoding = 4; lastKnownFileType = sourcecode.swift; path = "3n+1수열.swift"; sourceTree = "<group>"; };
		149711DB1FC866750069F6D8 /* 사칙연산 closure ver.swift */ = {isa = PBXFileReference; fileEncoding = 4; lastKnownFileType = sourcecode.swift; path = "사칙연산 closure ver.swift"; sourceTree = "<group>"; };
		14979EDD1F79043F002B0527 /* 스택.swift */ = {isa = PBXFileReference; fileEncoding = 4; lastKnownFileType = sourcecode.swift; path = "스택.swift"; sourceTree = "<group>"; };
		1497FD0020383A9F00EA4A07 /* 팀나누기.swift */ = {isa = PBXFileReference; lastKnownFileType = sourcecode.swift; path = "팀나누기.swift"; sourceTree = "<group>"; };
		149D8A581FDA971D002898A4 /* 문자가 몇갤까.swift */ = {isa = PBXFileReference; lastKnownFileType = sourcecode.swift; path = "문자가 몇갤까.swift"; sourceTree = "<group>"; };
		149D8A5A1FDA9F5C002898A4 /* ddd.swift */ = {isa = PBXFileReference; lastKnownFileType = sourcecode.swift; path = ddd.swift; sourceTree = "<group>"; };
		149F7256222388350039B574 /* 단어뒤집기.swift */ = {isa = PBXFileReference; lastKnownFileType = sourcecode.swift; path = "단어뒤집기.swift"; sourceTree = "<group>"; };
		14A20D9420208C10005A9700 /* 쉽게푸는 문제.swift */ = {isa = PBXFileReference; lastKnownFileType = sourcecode.swift; path = "쉽게푸는 문제.swift"; sourceTree = "<group>"; };
		14A20D9620209126005A9700 /* 팬들에게 둘러싸인 홍준.swift */ = {isa = PBXFileReference; lastKnownFileType = sourcecode.swift; path = "팬들에게 둘러싸인 홍준.swift"; sourceTree = "<group>"; };
		14A3681223ACA41B003A246D /* 고급수학.swift */ = {isa = PBXFileReference; lastKnownFileType = sourcecode.swift; path = "고급수학.swift"; sourceTree = "<group>"; };
		14A70AF422217F54002B63F2 /* !밀비 급일.swift */ = {isa = PBXFileReference; lastKnownFileType = sourcecode.swift; path = "!밀비 급일.swift"; sourceTree = "<group>"; };
		14A70AF622218037002B63F2 /* 두 수 비교하기.swift */ = {isa = PBXFileReference; lastKnownFileType = sourcecode.swift; path = "두 수 비교하기.swift"; sourceTree = "<group>"; };
		14A70AF822218224002B63F2 /* 이진수.swift */ = {isa = PBXFileReference; lastKnownFileType = sourcecode.swift; path = "이진수.swift"; sourceTree = "<group>"; };
		14AA14A71EFAA8A1009B6CB6 /* 유니코드.swift */ = {isa = PBXFileReference; fileEncoding = 4; lastKnownFileType = sourcecode.swift; path = "유니코드.swift"; sourceTree = "<group>"; };
		14B7071B1ECC2F7600B05154 /* SwiftPratice */ = {isa = PBXFileReference; explicitFileType = "compiled.mach-o.executable"; includeInIndex = 0; path = SwiftPratice; sourceTree = BUILT_PRODUCTS_DIR; };
		14B707251ECC2F9200B05154 /* 그대로출력하기.swift */ = {isa = PBXFileReference; fileEncoding = 4; lastKnownFileType = sourcecode.swift; path = "그대로출력하기.swift"; sourceTree = "<group>"; };
		14BD9A462115CDB700202DCC /* 이상한기호.swift */ = {isa = PBXFileReference; lastKnownFileType = sourcecode.swift; path = "이상한기호.swift"; sourceTree = "<group>"; };
		14C0826F214F9D3C00FA1CB8 /* 행복.swift */ = {isa = PBXFileReference; lastKnownFileType = sourcecode.swift; path = "행복.swift"; sourceTree = "<group>"; };
		14C08271214FAE9500FA1CB8 /* 더하기4.swift */ = {isa = PBXFileReference; lastKnownFileType = sourcecode.swift; path = "더하기4.swift"; sourceTree = "<group>"; };
		14C745E521BF48BF0037FAAA /* 꼬마정민.swift */ = {isa = PBXFileReference; lastKnownFileType = sourcecode.swift; path = "꼬마정민.swift"; sourceTree = "<group>"; };
		14C749801FD7C42200C48D45 /* 검증수.swift */ = {isa = PBXFileReference; lastKnownFileType = sourcecode.swift; path = "검증수.swift"; sourceTree = "<group>"; };
		14C78383222A6304009FDEAB /* 집주소.swift */ = {isa = PBXFileReference; lastKnownFileType = sourcecode.swift; path = "집주소.swift"; sourceTree = "<group>"; };
		14C8F4621FCE941800234397 /* ATM.swift */ = {isa = PBXFileReference; fileEncoding = 4; lastKnownFileType = sourcecode.swift; path = ATM.swift; sourceTree = "<group>"; };
		14C8F4661FD125E900234397 /* 카드1.swift */ = {isa = PBXFileReference; fileEncoding = 4; lastKnownFileType = sourcecode.swift; path = "카드1.swift"; sourceTree = "<group>"; };
		14C8F4681FD1293400234397 /* 소수찾기.swift */ = {isa = PBXFileReference; fileEncoding = 4; lastKnownFileType = sourcecode.swift; path = "소수찾기.swift"; sourceTree = "<group>"; };
		14CF08A61F67B84000E055FB /* 개표.swift */ = {isa = PBXFileReference; fileEncoding = 4; lastKnownFileType = sourcecode.swift; path = "개표.swift"; sourceTree = "<group>"; };
		14CF08A81F67BA6C00E055FB /* 배수찾기.swift */ = {isa = PBXFileReference; fileEncoding = 4; lastKnownFileType = sourcecode.swift; path = "배수찾기.swift"; sourceTree = "<group>"; };
		14CF08AA1F67BD6400E055FB /* 과제 안내신분..?.swift */ = {isa = PBXFileReference; fileEncoding = 4; lastKnownFileType = sourcecode.swift; path = "과제 안내신분..?.swift"; sourceTree = "<group>"; };
		14CF08AD1F67C4F400E055FB /* 과자.swift */ = {isa = PBXFileReference; fileEncoding = 4; lastKnownFileType = sourcecode.swift; path = "과자.swift"; sourceTree = "<group>"; };
		14CF08AF1F67DE9500E055FB /* 일반화학실험.swift */ = {isa = PBXFileReference; fileEncoding = 4; lastKnownFileType = sourcecode.swift; path = "일반화학실험.swift"; sourceTree = "<group>"; };
		14CF08B11F67DFC600E055FB /* 아!.swift */ = {isa = PBXFileReference; fileEncoding = 4; lastKnownFileType = sourcecode.swift; path = "아!.swift"; sourceTree = "<group>"; };
		14CF08B31F67E0CD00E055FB /* KMP는 왜 KMP일까?.swift */ = {isa = PBXFileReference; fileEncoding = 4; lastKnownFileType = sourcecode.swift; path = "KMP는 왜 KMP일까?.swift"; sourceTree = "<group>"; };
		14CF08B51F680E2E00E055FB /* 제로.swift */ = {isa = PBXFileReference; fileEncoding = 4; lastKnownFileType = sourcecode.swift; path = "제로.swift"; sourceTree = "<group>"; };
		14CF08B71F68108800E055FB /* god.swift */ = {isa = PBXFileReference; fileEncoding = 4; lastKnownFileType = sourcecode.swift; path = god.swift; sourceTree = "<group>"; };
		14D09B651ED2C9FA00D5EE70 /* 기찍N.swift */ = {isa = PBXFileReference; fileEncoding = 4; lastKnownFileType = sourcecode.swift; path = "기찍N.swift"; sourceTree = "<group>"; };
		14D09B671ED3C63D00D5EE70 /* 구구단.swift */ = {isa = PBXFileReference; fileEncoding = 4; lastKnownFileType = sourcecode.swift; path = "구구단.swift"; sourceTree = "<group>"; };
		14D09B691ED3C78700D5EE70 /* 합.swift */ = {isa = PBXFileReference; fileEncoding = 4; lastKnownFileType = sourcecode.swift; path = "합.swift"; sourceTree = "<group>"; };
		14D09B6D1ED444FA00D5EE70 /* 숫자의합.swift */ = {isa = PBXFileReference; fileEncoding = 4; lastKnownFileType = sourcecode.swift; path = "숫자의합.swift"; sourceTree = "<group>"; };
		14D17A8D1FCBD3D400839E9B /* 쉬운 최단거리.swift */ = {isa = PBXFileReference; fileEncoding = 4; lastKnownFileType = sourcecode.swift; path = "쉬운 최단거리.swift"; sourceTree = "<group>"; };
		14D1DA8123C06AC4003BBCDA /* 뜨거운 붕어빵.swift */ = {isa = PBXFileReference; lastKnownFileType = sourcecode.swift; path = "뜨거운 붕어빵.swift"; sourceTree = "<group>"; };
		14D1DA8323C06C92003BBCDA /* 숫자의 개수.swift */ = {isa = PBXFileReference; lastKnownFileType = sourcecode.swift; path = "숫자의 개수.swift"; sourceTree = "<group>"; };
		14D1DAC323C1BC95003BBCDA /* 비교연산자.swift */ = {isa = PBXFileReference; lastKnownFileType = sourcecode.swift; path = "비교연산자.swift"; sourceTree = "<group>"; };
		14DF119F1F67A41900509046 /* 문자열.swift */ = {isa = PBXFileReference; fileEncoding = 4; lastKnownFileType = sourcecode.swift; path = "문자열.swift"; sourceTree = "<group>"; };
		14DF11A11F67A91600509046 /* Hello Judge.swift */ = {isa = PBXFileReference; fileEncoding = 4; lastKnownFileType = sourcecode.swift; path = "Hello Judge.swift"; sourceTree = "<group>"; };
		14DF11A31F67AA7D00509046 /* 전투 드로이드 가격.swift */ = {isa = PBXFileReference; fileEncoding = 4; lastKnownFileType = sourcecode.swift; path = "전투 드로이드 가격.swift"; sourceTree = "<group>"; };
		14DF11A51F67AD5D00509046 /* 상수.swift */ = {isa = PBXFileReference; fileEncoding = 4; lastKnownFileType = sourcecode.swift; path = "상수.swift"; sourceTree = "<group>"; };
		14DF11A71F67B13200509046 /* 정수의개수.swift */ = {isa = PBXFileReference; fileEncoding = 4; lastKnownFileType = sourcecode.swift; path = "정수의개수.swift"; sourceTree = "<group>"; };
		14DF11A91F67B27E00509046 /* 뒤집힌 덧셈.swift */ = {isa = PBXFileReference; fileEncoding = 4; lastKnownFileType = sourcecode.swift; path = "뒤집힌 덧셈.swift"; sourceTree = "<group>"; };
		14E023F7200A472900B0144F /* 중복을 없애자.swift */ = {isa = PBXFileReference; lastKnownFileType = sourcecode.swift; path = "중복을 없애자.swift"; sourceTree = "<group>"; };
		14E023F9200A4D6700B0144F /* 팰린드롬수.swift */ = {isa = PBXFileReference; lastKnownFileType = sourcecode.swift; path = "팰린드롬수.swift"; sourceTree = "<group>"; };
		14E83F641FA0BD2D00B59BCA /* 거스름돈.swift */ = {isa = PBXFileReference; fileEncoding = 4; lastKnownFileType = sourcecode.swift; path = "거스름돈.swift"; sourceTree = "<group>"; };
		14E83F661FA0BF7A00B59BCA /* 농구경기.swift */ = {isa = PBXFileReference; fileEncoding = 4; lastKnownFileType = sourcecode.swift; path = "농구경기.swift"; sourceTree = "<group>"; };
		14E83F681FA0C2E900B59BCA /* TGN.swift */ = {isa = PBXFileReference; fileEncoding = 4; lastKnownFileType = sourcecode.swift; path = TGN.swift; sourceTree = "<group>"; };
		14E83F6A1FA0C3ED00B59BCA /* 베르트랑 공준.swift */ = {isa = PBXFileReference; fileEncoding = 4; lastKnownFileType = sourcecode.swift; path = "베르트랑 공준.swift"; sourceTree = "<group>"; };
		14E83F6C1FA0C67600B59BCA /* 슈퍼마리오.swift */ = {isa = PBXFileReference; fileEncoding = 4; lastKnownFileType = sourcecode.swift; path = "슈퍼마리오.swift"; sourceTree = "<group>"; };
		14E83F6E1FA0C9CD00B59BCA /* 서버.swift */ = {isa = PBXFileReference; fileEncoding = 4; lastKnownFileType = sourcecode.swift; path = "서버.swift"; sourceTree = "<group>"; };
		14E83F701FA0CBE500B59BCA /* 계단오르기.swift */ = {isa = PBXFileReference; fileEncoding = 4; lastKnownFileType = sourcecode.swift; path = "계단오르기.swift"; sourceTree = "<group>"; };
		14E83F991FA3743200B59BCA /* 파도반수열.swift */ = {isa = PBXFileReference; fileEncoding = 4; lastKnownFileType = sourcecode.swift; path = "파도반수열.swift"; sourceTree = "<group>"; };
		14E83F9B1FA3758000B59BCA /* 중복빼고 정렬하기.swift */ = {isa = PBXFileReference; fileEncoding = 4; lastKnownFileType = sourcecode.swift; path = "중복빼고 정렬하기.swift"; sourceTree = "<group>"; };
		14E83F9D1FA37D9700B59BCA /* 수열과쿼리->시간초과.swift */ = {isa = PBXFileReference; fileEncoding = 4; lastKnownFileType = sourcecode.swift; path = "수열과쿼리->시간초과.swift"; sourceTree = "<group>"; };
		14E83F9F1FA41D0000B59BCA /* 접미사배열.swift */ = {isa = PBXFileReference; fileEncoding = 4; lastKnownFileType = sourcecode.swift; path = "접미사배열.swift"; sourceTree = "<group>"; };
		14E83FA11FA420AC00B59BCA /* 유학금지.swift */ = {isa = PBXFileReference; fileEncoding = 4; lastKnownFileType = sourcecode.swift; path = "유학금지.swift"; sourceTree = "<group>"; };
		14E83FA31FA4214100B59BCA /* 와이버스 부릉부릉.swift */ = {isa = PBXFileReference; fileEncoding = 4; lastKnownFileType = sourcecode.swift; path = "와이버스 부릉부릉.swift"; sourceTree = "<group>"; };
		14E83FAE1FA4CC3200B59BCA /* 나누기-> 왜틀린지 모르겠음.swift */ = {isa = PBXFileReference; fileEncoding = 4; lastKnownFileType = sourcecode.swift; path = "나누기-> 왜틀린지 모르겠음.swift"; sourceTree = "<group>"; };
		14E83FCE1FA5D12F00B59BCA /* 조세퍼스 순열0.swift */ = {isa = PBXFileReference; fileEncoding = 4; lastKnownFileType = sourcecode.swift; path = "조세퍼스 순열0.swift"; sourceTree = "<group>"; };
		14E83FD01FA7382B00B59BCA /* 듣보잡->시간초과;.swift */ = {isa = PBXFileReference; fileEncoding = 4; lastKnownFileType = sourcecode.swift; path = "듣보잡->시간초과;.swift"; sourceTree = "<group>"; };
		14E9C4C62014E08D00E47E9B /* 약수.swift */ = {isa = PBXFileReference; lastKnownFileType = sourcecode.swift; path = "약수.swift"; sourceTree = "<group>"; };
		14E9C4C82014E22100E47E9B /* 단어공부.swift */ = {isa = PBXFileReference; lastKnownFileType = sourcecode.swift; path = "단어공부.swift"; sourceTree = "<group>"; };
		14E9C4CA2014E9D800E47E9B /* 소인수분해.swift */ = {isa = PBXFileReference; lastKnownFileType = sourcecode.swift; path = "소인수분해.swift"; sourceTree = "<group>"; };
		14E9C4CC2015B38100E47E9B /* 저작권.swift */ = {isa = PBXFileReference; lastKnownFileType = sourcecode.swift; path = "저작권.swift"; sourceTree = "<group>"; };
		14E9C4D52016E4D900E47E9B /* 거리의차이.swift */ = {isa = PBXFileReference; lastKnownFileType = sourcecode.swift; path = "거리의차이.swift"; sourceTree = "<group>"; };
		14E9C4D72019451400E47E9B /* 소수구하기.swift */ = {isa = PBXFileReference; lastKnownFileType = sourcecode.swift; path = "소수구하기.swift"; sourceTree = "<group>"; };
		14EA2BD11FD9678A00857FA8 /* 모음의개수2.swift */ = {isa = PBXFileReference; lastKnownFileType = sourcecode.swift; path = "모음의개수2.swift"; sourceTree = "<group>"; };
		14EAEF281F86510400827EDD /* 나무자르기.swift */ = {isa = PBXFileReference; fileEncoding = 4; lastKnownFileType = sourcecode.swift; path = "나무자르기.swift"; sourceTree = "<group>"; };
		14ED24181FD9226100F64527 /* 조교는 새디스트야!!.swift */ = {isa = PBXFileReference; lastKnownFileType = sourcecode.swift; path = "조교는 새디스트야!!.swift"; sourceTree = "<group>"; };
		14F21C961ED668E400798612 /* string쪼개기.swift */ = {isa = PBXFileReference; fileEncoding = 4; lastKnownFileType = sourcecode.swift; path = "string쪼개기.swift"; sourceTree = "<group>"; };
		14F679A41EF13C5400D06DE1 /* 세 수.swift */ = {isa = PBXFileReference; fileEncoding = 4; lastKnownFileType = sourcecode.swift; path = "세 수.swift"; sourceTree = "<group>"; };
		14F679A61EF147A500D06DE1 /* X보다 작은수.swift */ = {isa = PBXFileReference; fileEncoding = 4; lastKnownFileType = sourcecode.swift; path = "X보다 작은수.swift"; sourceTree = "<group>"; };
		14F679A81EF1549300D06DE1 /* 평균.swift */ = {isa = PBXFileReference; fileEncoding = 4; lastKnownFileType = sourcecode.swift; path = "평균.swift"; sourceTree = "<group>"; };
		14F679B31EF2C95C00D06DE1 /* 수 정렬하기.swift */ = {isa = PBXFileReference; fileEncoding = 4; lastKnownFileType = sourcecode.swift; path = "수 정렬하기.swift"; sourceTree = "<group>"; };
		14F679B61EF2CCC500D06DE1 /* 단어의 개수.swift */ = {isa = PBXFileReference; fileEncoding = 4; lastKnownFileType = sourcecode.swift; path = "단어의 개수.swift"; sourceTree = "<group>"; };
		14F7DFF01FD2F25F008B0017 /* 사분면.swift */ = {isa = PBXFileReference; lastKnownFileType = sourcecode.swift; path = "사분면.swift"; sourceTree = "<group>"; };
		14FD7D01209D7F8C00397014 /* 소수단어.swift */ = {isa = PBXFileReference; lastKnownFileType = sourcecode.swift; path = "소수단어.swift"; sourceTree = "<group>"; };
		14FE91581FC18C65009590F6 /* 5와 6의 차이.swift */ = {isa = PBXFileReference; fileEncoding = 4; lastKnownFileType = sourcecode.swift; path = "5와 6의 차이.swift"; sourceTree = "<group>"; };
		14FE915C1FC2800D009590F6 /* 행복한지 슬픈지.swift */ = {isa = PBXFileReference; fileEncoding = 4; lastKnownFileType = sourcecode.swift; path = "행복한지 슬픈지.swift"; sourceTree = "<group>"; };
		9815DD211F2AF2BC00166346 /* 네 개의 소수.swift */ = {isa = PBXFileReference; fileEncoding = 4; lastKnownFileType = sourcecode.swift; path = "네 개의 소수.swift"; sourceTree = "<group>"; };
		9815DD231F2AF2ED00166346 /* 더하기.swift */ = {isa = PBXFileReference; fileEncoding = 4; lastKnownFileType = sourcecode.swift; path = "더하기.swift"; sourceTree = "<group>"; };
/* End PBXFileReference section */

/* Begin PBXFrameworksBuildPhase section */
		14B707181ECC2F7600B05154 /* Frameworks */ = {
			isa = PBXFrameworksBuildPhase;
			buildActionMask = 2147483647;
			files = (
			);
			runOnlyForDeploymentPostprocessing = 0;
		};
/* End PBXFrameworksBuildPhase section */

/* Begin PBXGroup section */
		14B707121ECC2F7600B05154 = {
			isa = PBXGroup;
			children = (
				14B7071D1ECC2F7600B05154 /* SwiftPratice */,
				14B7071C1ECC2F7600B05154 /* Products */,
			);
			sourceTree = "<group>";
		};
		14B7071C1ECC2F7600B05154 /* Products */ = {
			isa = PBXGroup;
			children = (
				14B7071B1ECC2F7600B05154 /* SwiftPratice */,
			);
			name = Products;
			sourceTree = "<group>";
		};
		14B7071D1ECC2F7600B05154 /* SwiftPratice */ = {
			isa = PBXGroup;
			children = (
				1496520C200F481800B35E2C /* 박사과정.swift */,
				1494ED541ED018E300634DDE /* A나누기B.swift */,
				14B707251ECC2F9200B05154 /* 그대로출력하기.swift */,
				1494ED4F1ED017A400634DDE /* A+B.swift */,
				1494ED521ED017F400634DDE /* A-B.swift */,
				1494ED5B1ED01CE300634DDE /* A*B.swift */,
				1494ED5D1ED01D0200634DDE /* 사칙연산.swift */,
				1494ED5F1ED01EEB00634DDE /* A+B-2.swift */,
				14344E1E1ED2A43A002C5C45 /* A+B -3.swift */,
				14344E201ED2A773002C5C45 /* A+B -4.swift */,
				14344E221ED2A785002C5C45 /* A+B -5.swift */,
				14344E241ED2A844002C5C45 /* A+B -6.swift */,
				14344E261ED2A8D0002C5C45 /* A+B -7.swift */,
				14344E281ED2AC18002C5C45 /* A+B - 8.swift */,
				14344E2A1ED2AD3C002C5C45 /* N찍기.swift */,
				14D09B651ED2C9FA00D5EE70 /* 기찍N.swift */,
				14D09B671ED3C63D00D5EE70 /* 구구단.swift */,
				14D09B691ED3C78700D5EE70 /* 합.swift */,
				14D09B6D1ED444FA00D5EE70 /* 숫자의합.swift */,
				14F21C961ED668E400798612 /* string쪼개기.swift */,
				1420E4311EDC122E0038880E /* 시험성적.swift */,
				14F679A41EF13C5400D06DE1 /* 세 수.swift */,
				14F679A61EF147A500D06DE1 /* X보다 작은수.swift */,
				14F679A81EF1549300D06DE1 /* 평균.swift */,
				14F679B31EF2C95C00D06DE1 /* 수 정렬하기.swift */,
				14F679B61EF2CCC500D06DE1 /* 단어의 개수.swift */,
				14AA14A71EFAA8A1009B6CB6 /* 유니코드.swift */,
				14564A871F13B19500DC899C /* 평균점수.swift */,
				9815DD211F2AF2BC00166346 /* 네 개의 소수.swift */,
				9815DD231F2AF2ED00166346 /* 더하기.swift */,
				1460888A1F5D608900B88744 /* 최대공약수와 최소공배수.swift */,
				1460888C1F5D695B00B88744 /* 팰린드롬인지 확인하기.swift */,
				14DF119F1F67A41900509046 /* 문자열.swift */,
				14DF11A11F67A91600509046 /* Hello Judge.swift */,
				14DF11A31F67AA7D00509046 /* 전투 드로이드 가격.swift */,
				14DF11A51F67AD5D00509046 /* 상수.swift */,
				14DF11A71F67B13200509046 /* 정수의개수.swift */,
				14DF11A91F67B27E00509046 /* 뒤집힌 덧셈.swift */,
				14CF08A61F67B84000E055FB /* 개표.swift */,
				14CF08A81F67BA6C00E055FB /* 배수찾기.swift */,
				14CF08AA1F67BD6400E055FB /* 과제 안내신분..?.swift */,
				14CF08AD1F67C4F400E055FB /* 과자.swift */,
				14CF08AF1F67DE9500E055FB /* 일반화학실험.swift */,
				14CF08B11F67DFC600E055FB /* 아!.swift */,
				14CF08B31F67E0CD00E055FB /* KMP는 왜 KMP일까?.swift */,
				14CF08B51F680E2E00E055FB /* 제로.swift */,
				14CF08B71F68108800E055FB /* god.swift */,
				140869DA1F68F52000AA166B /* 첫글자를 대문자로.swift */,
				140869DC1F68F87100AA166B /* ㅇㅇ.swift */,
				140869DF1F6A2AB800AA166B /* 모음의 개수.swift */,
				140869E11F6A7C1800AA166B /* 소트인사이드.swift */,
				140869E31F6A800000AA166B /* 콘테스트.swift */,
				140869E51F6A810300AA166B /* 단어길이재기.swift */,
				140869E71F6A818F00AA166B /* 세로읽기(구현x).swift */,
				140869E91F6A852200AA166B /* 10부제->질문.swift */,
				140869EB1F6A879700AA166B /* 얼마?.swift */,
				140869ED1F6A8A0200AA166B /* 대소문자 바꾸기.swift */,
				140869F31F6AC32800AA166B /* 영수증.swift */,
				140869F51F6AC3B200AA166B /* BFS와 DFS.swift */,
				147E278E1F6FCBAA00A0570A /* 수들의 합.swift */,
				147E27901F6FCE2300A0570A /* Mini Fantasy War .swift */,
				147E27921F6FD24900A0570A /* not cute.swift */,
				147E27941F6FD45000A0570A /* 큐.swift */,
				1420EF2C1F7553710053C0B5 /* 국영수.swift */,
				14979EDD1F79043F002B0527 /* 스택.swift */,
				140526191F7BCCC800478AE9 /* 피보나치함수.swift */,
				140526411F811BD400478AE9 /* 괄호.swift */,
				14281D8F1F81211B00175D47 /* 홀수일까 짝수일까.swift */,
				14281D911F81278D00175D47 /* 가장 긴 감소하는 부분 수열-> 시간초과.swift */,
				14EAEF281F86510400827EDD /* 나무자르기.swift */,
				1436095D1F985A69006E266B /* 1로 만들기 -> 시간초과ㅡㅡ.swift */,
				143609621F9880B4006E266B /* 나이순 정렬.swift */,
				143609641F9883D5006E266B /* 좌표정렬하기 2.swift */,
				1436096C1F999919006E266B /* 디지털루트.swift */,
				1436096E1F99E2B6006E266B /* Adding Reversed Numbers.swift */,
				1436097A1F9E3286006E266B /* 앵그리창영.swift */,
				1436097C1F9E36A6006E266B /* 유니크.swift */,
				1436097E1F9E3FF2006E266B /* 에라토스테네스의 체.swift */,
				143609A41F9F0AC2006E266B /* POT.swift */,
				143609A61F9F0E6A006E266B /* 크리스마스 파티.swift */,
				143609A81F9F136D006E266B /* 소음.swift */,
				143609AA1F9F1763006E266B /* 이진수들의합.swift */,
				143609AD1F9F26C0006E266B /* 심부름 가는길.swift */,
				143609B11F9F3260006E266B /* 부녀회장이 될테야.swift */,
				143B41851FA05D0A0041D405 /* 보물.swift */,
				143B41871FA062160041D405 /* 세로읽기.swift */,
				14E83F641FA0BD2D00B59BCA /* 거스름돈.swift */,
				14E83F661FA0BF7A00B59BCA /* 농구경기.swift */,
				14E83F681FA0C2E900B59BCA /* TGN.swift */,
				14E83F6A1FA0C3ED00B59BCA /* 베르트랑 공준.swift */,
				14E83F6C1FA0C67600B59BCA /* 슈퍼마리오.swift */,
				14E83F6E1FA0C9CD00B59BCA /* 서버.swift */,
				14E83F701FA0CBE500B59BCA /* 계단오르기.swift */,
				14E83F991FA3743200B59BCA /* 파도반수열.swift */,
				14E83F9B1FA3758000B59BCA /* 중복빼고 정렬하기.swift */,
				14E83F9D1FA37D9700B59BCA /* 수열과쿼리->시간초과.swift */,
				14E83F9F1FA41D0000B59BCA /* 접미사배열.swift */,
				14E83FA11FA420AC00B59BCA /* 유학금지.swift */,
				14E83FA31FA4214100B59BCA /* 와이버스 부릉부릉.swift */,
				14E83FAE1FA4CC3200B59BCA /* 나누기-> 왜틀린지 모르겠음.swift */,
				14E83FCE1FA5D12F00B59BCA /* 조세퍼스 순열0.swift */,
				14E83FD01FA7382B00B59BCA /* 듣보잡->시간초과;.swift */,
				144C54A01FAB0E560041BFDF /* 평균은 넘겠지.swift */,
				144C54A21FAB0E940041BFDF /* 단어정렬.swift */,
				148F64721FB6D02900113341 /* 윷놀이.swift */,
				148F64741FB6D1E100113341 /* 택시기하학.swift */,
				148F64761FB6D40800113341 /* 링.swift */,
				148F64781FB6EAE200113341 /* 공.swift */,
				148F647A1FB8906600113341 /* 배수와 약수.swift */,
				148F649A1FBAFA5C00113341 /* 좌표정렬하기.swift */,
				148F649C1FBAFCDB00113341 /* 16진수.swift */,
				148F649E1FBAFE5C00113341 /* 최소공배수.swift */,
				148CE7991FBC65E80016D00D /* 나머지.swift */,
				148CE79B1FBC678D0016D00D /* 베스트셀러.swift */,
				148CE79D1FBEA2BE0016D00D /* 하얀칸.swift */,
				148CE79F1FBEA8E30016D00D /* 다면체.swift */,
				148CE7A31FBF0D530016D00D /* 2진수 뒤집기.swift */,
				148CE7A51FBF12670016D00D /* 분해합.swift */,
				14FE91581FC18C65009590F6 /* 5와 6의 차이.swift */,
				14FE915C1FC2800D009590F6 /* 행복한지 슬픈지.swift */,
				1468AB2F1FC2FBFE00E03829 /* FBI.swift */,
				149711D71FC863AF0069F6D8 /* 더하기2.swift */,
				149711D91FC864950069F6D8 /* 3n+1수열.swift */,
				149711DB1FC866750069F6D8 /* 사칙연산 closure ver.swift */,
				144F33411FC9788F0056A02C /* 폰노이만과 파리.swift */,
				148A5A7A1FCAC2CA0037F2DF /* 소수->왜틀림?.swift */,
				14D17A8D1FCBD3D400839E9B /* 쉬운 최단거리.swift */,
				14C8F4621FCE941800234397 /* ATM.swift */,
				14C8F4661FD125E900234397 /* 카드1.swift */,
				14C8F4681FD1293400234397 /* 소수찾기.swift */,
				14932DCA1FD182E9009CA137 /* 음계.swift */,
				14932DCC1FD18981009CA137 /* 알파벳찾기.swift */,
				14F7DFF01FD2F25F008B0017 /* 사분면.swift */,
				142B05011FD5172A00B32568 /* 통계학.swift */,
				1449B1591FD58A2E00DC676C /* 문자열반복.swift */,
				1406CFD91FD657AB00C9D792 /* 알파벳거리.swift */,
				14C749801FD7C42200C48D45 /* 검증수.swift */,
				14ED24181FD9226100F64527 /* 조교는 새디스트야!!.swift */,
				14EA2BD11FD9678A00857FA8 /* 모음의개수2.swift */,
				149D8A581FDA971D002898A4 /* 문자가 몇갤까.swift */,
				149D8A5A1FDA9F5C002898A4 /* ddd.swift */,
				1452E8271FDD42D1001B3A89 /* 덱.swift */,
				1420464D1FDFA765009040CA /* 아스키코드.swift */,
				142046AB1FE0EB5F009040CA /* 한글.swift */,
				142303311FE29EC300E62489 /* 최소, 최대.swift */,
				1411D6AA1FE6A01900291645 /* 최소, 최대 using function.swift */,
				14795E101FEA1A3500021F5A /* 하노이탑.swift */,
				14795E161FEA4C9B00021F5A /* 숫자카드.swift */,
				1432F09C1FECE313000D23AA /* 나무조각.swift */,
				1432F09E1FECE5EA000D23AA /* 설탕배달.swift */,
				146D5B421FF20BAA00CA8AA1 /* 합8393.swift */,
				145C7ADE1FF623FD006538FC /* 나누기->왜틀리지?.swift */,
				145C7AE01FF628E4006538FC /* TV크기.swift */,
				145D4D6D1FFA466C0052E87C /* 저항.swift */,
				147614592003591100AFB5E6 /* 집합-시간초과.swift */,
				148EC2F020049FF1001C6642 /* 인생점수.swift */,
				1475E7602005CEE300B7B645 /* 등수매기기.swift */,
				1475E7622005D07200B7B645 /* 해밍 거리.swift */,
				14E023F7200A472900B0144F /* 중복을 없애자.swift */,
				14E023F9200A4D6700B0144F /* 팰린드롬수.swift */,
				1496520E200F4A3400B35E2C /* 이친수.swift */,
				141B53912014D52F0046E074 /* R2.swift */,
				14E9C4C62014E08D00E47E9B /* 약수.swift */,
				14E9C4C82014E22100E47E9B /* 단어공부.swift */,
				14E9C4CA2014E9D800E47E9B /* 소인수분해.swift */,
				14E9C4CC2015B38100E47E9B /* 저작권.swift */,
				14E9C4D52016E4D900E47E9B /* 거리의차이.swift */,
				14E9C4D72019451400E47E9B /* 소수구하기.swift */,
				14A20D9420208C10005A9700 /* 쉽게푸는 문제.swift */,
				14A20D9620209126005A9700 /* 팬들에게 둘러싸인 홍준.swift */,
				1430436C20382A7E0062934A /* 치킨두마리.swift */,
				1430436E20382C5B0062934A /* 9진수.swift */,
				1430437020382D930062934A /* 백대열.swift */,
				1497FD0020383A9F00EA4A07 /* 팀나누기.swift */,
				148DF38D20386F8B0088F205 /* 전자레인지.swift */,
				148DF38F2038759D0088F205 /* Quick Estimates .swift */,
				148DF391203878780088F205 /* 히스토그램.swift */,
				148DF39320387A6D0088F205 /* Presents .swift */,
				148DF39520387D850088F205 /* Holes.swift */,
				148DF39720392B380088F205 /* 거꾸로 구구단.swift */,
				148DF39920392D630088F205 /* Collatz Conjecture.swift */,
				148DF39B20392F1B0088F205 /* 팰린드롬 (Palindromes).swift */,
				148DF39D2039327C0088F205 /* 단어 순서 뒤집기.swift */,
				148DF39F203936DF0088F205 /* 파일옮기기.swift */,
				14FD7D01209D7F8C00397014 /* 소수단어.swift */,
				14BD9A462115CDB700202DCC /* 이상한기호.swift */,
				146394572122843C00FC601C /* 첼시를 도와줘!.swift */,
				14C0826F214F9D3C00FA1CB8 /* 행복.swift */,
				14C08271214FAE9500FA1CB8 /* 더하기4.swift */,
				14C745E521BF48BF0037FAAA /* 꼬마정민.swift */,
				1404DB7521BF6DB700F43331 /* 이진수변환.swift */,
				1404DB7721BF6ED400F43331 /* 네 수.swift */,
				1428B9FA2202848000DF9D4B /* 기억안나는 문제.swift */,
				1446DC56222166DF00781730 /* 정수제곱근.swift */,
				1446DC58222168D000781730 /* A나누기B - 18점.swift */,
				1446DC5A22216B9500781730 /* 거북이.swift */,
				1446DC5C22216D7F00781730 /* 홍익대학교.swift */,
				1446DC5E22216E2100781730 /* 연세대학교.swift */,
				1446DC6022216ED800781730 /* 싱기한 네자리 숫자.swift */,
				1446DC622221755800781730 /* 8,10,16진수.swift */,
				1446DC64222178C700781730 /* 맞았는데 왜 틀리죠?.swift */,
				14A70AF422217F54002B63F2 /* !밀비 급일.swift */,
				14A70AF622218037002B63F2 /* 두 수 비교하기.swift */,
				14A70AF822218224002B63F2 /* 이진수.swift */,
				1429418B222183ED0048FF21 /* 더하기3.swift */,
				1429418D222184AC0048FF21 /* 수학은 체육과목입니다..swift */,
				1429418F222273C70048FF21 /* 수 뒤집기.swift */,
				142941912222752A0048FF21 /* 아름다운수.swift */,
				14294193222276030048FF21 /* 약수들의 합.swift */,
				1429419522227A900048FF21 /* 희주의 수학시험.swift */,
				149F7256222388350039B574 /* 단어뒤집기.swift */,
				14C78383222A6304009FDEAB /* 집주소.swift */,
				1413F2D8222DFE8700947E2D /* 단어 정렬.swift */,
				14A3681223ACA41B003A246D /* 고급수학.swift */,
				148A41BE23BC94E30081C47E /* 한다안한다.swift */,
				148A41C023BC996B0081C47E /* 문자열 집합.swift */,
				148A41C223BC9B370081C47E /* 삼각형 외우기.swift */,
				148A41C423BC9EAF0081C47E /* 파일 완전 삭제.swift */,
				14D1DA8123C06AC4003BBCDA /* 뜨거운 붕어빵.swift */,
				14D1DA8323C06C92003BBCDA /* 숫자의 개수.swift */,
				14D1DAC323C1BC95003BBCDA /* 비교연산자.swift */,
				141FDE5A23ED616B008DA550 /* 사분면 고르기.swift */,
				14759AAA2421232600491238 /* 알람 시계.swift */,
				14759AAC242127DF00491238 /* CASIO.swift */,
				140D7B2824220C7B00060374 /* Sum of Odd Sequence.swift */,
				140D7B782423348A00060374 /* 1998년생인 내가 태국에서는 2541년생?!.swift */,
				140D7B7A2423359F00060374 /* 이상한 곱셈.swift */,
			);
			path = SwiftPratice;
			sourceTree = "<group>";
		};
/* End PBXGroup section */

/* Begin PBXNativeTarget section */
		14B7071A1ECC2F7600B05154 /* SwiftPratice */ = {
			isa = PBXNativeTarget;
			buildConfigurationList = 14B707221ECC2F7600B05154 /* Build configuration list for PBXNativeTarget "SwiftPratice" */;
			buildPhases = (
				14B707171ECC2F7600B05154 /* Sources */,
				14B707181ECC2F7600B05154 /* Frameworks */,
				14B707191ECC2F7600B05154 /* CopyFiles */,
			);
			buildRules = (
			);
			dependencies = (
			);
			name = SwiftPratice;
			productName = SwiftPratice;
			productReference = 14B7071B1ECC2F7600B05154 /* SwiftPratice */;
			productType = "com.apple.product-type.tool";
		};
/* End PBXNativeTarget section */

/* Begin PBXProject section */
		14B707131ECC2F7600B05154 /* Project object */ = {
			isa = PBXProject;
			attributes = {
				LastSwiftUpdateCheck = 0810;
				LastUpgradeCheck = 0830;
				ORGANIZATIONNAME = Zedd;
				TargetAttributes = {
					14B7071A1ECC2F7600B05154 = {
						CreatedOnToolsVersion = 8.1;
						DevelopmentTeam = 9BD2FZATPN;
						LastSwiftMigration = 1130;
						ProvisioningStyle = Automatic;
					};
				};
			};
			buildConfigurationList = 14B707161ECC2F7600B05154 /* Build configuration list for PBXProject "SwiftPratice" */;
			compatibilityVersion = "Xcode 3.2";
			developmentRegion = English;
			hasScannedForEncodings = 0;
			knownRegions = (
				English,
				en,
			);
			mainGroup = 14B707121ECC2F7600B05154;
			productRefGroup = 14B7071C1ECC2F7600B05154 /* Products */;
			projectDirPath = "";
			projectRoot = "";
			targets = (
				14B7071A1ECC2F7600B05154 /* SwiftPratice */,
			);
		};
/* End PBXProject section */

/* Begin PBXSourcesBuildPhase section */
		14B707171ECC2F7600B05154 /* Sources */ = {
			isa = PBXSourcesBuildPhase;
			buildActionMask = 2147483647;
			files = (
				140D7B7B2423359F00060374 /* 이상한 곱셈.swift in Sources */,
			);
			runOnlyForDeploymentPostprocessing = 0;
		};
/* End PBXSourcesBuildPhase section */

/* Begin XCBuildConfiguration section */
		14B707201ECC2F7600B05154 /* Debug */ = {
			isa = XCBuildConfiguration;
			buildSettings = {
				ALWAYS_SEARCH_USER_PATHS = NO;
				CLANG_ANALYZER_NONNULL = YES;
				CLANG_CXX_LANGUAGE_STANDARD = "gnu++0x";
				CLANG_CXX_LIBRARY = "libc++";
				CLANG_ENABLE_MODULES = YES;
				CLANG_ENABLE_OBJC_ARC = YES;
				CLANG_WARN_BOOL_CONVERSION = YES;
				CLANG_WARN_CONSTANT_CONVERSION = YES;
				CLANG_WARN_DIRECT_OBJC_ISA_USAGE = YES_ERROR;
				CLANG_WARN_DOCUMENTATION_COMMENTS = YES;
				CLANG_WARN_EMPTY_BODY = YES;
				CLANG_WARN_ENUM_CONVERSION = YES;
				CLANG_WARN_INFINITE_RECURSION = YES;
				CLANG_WARN_INT_CONVERSION = YES;
				CLANG_WARN_OBJC_ROOT_CLASS = YES_ERROR;
				CLANG_WARN_SUSPICIOUS_MOVE = YES;
				CLANG_WARN_SUSPICIOUS_MOVES = YES;
				CLANG_WARN_UNREACHABLE_CODE = YES;
				CLANG_WARN__DUPLICATE_METHOD_MATCH = YES;
				CODE_SIGN_IDENTITY = "-";
				COPY_PHASE_STRIP = NO;
				DEBUG_INFORMATION_FORMAT = dwarf;
				ENABLE_STRICT_OBJC_MSGSEND = YES;
				ENABLE_TESTABILITY = YES;
				GCC_C_LANGUAGE_STANDARD = gnu99;
				GCC_DYNAMIC_NO_PIC = NO;
				GCC_NO_COMMON_BLOCKS = YES;
				GCC_OPTIMIZATION_LEVEL = 0;
				GCC_PREPROCESSOR_DEFINITIONS = (
					"DEBUG=1",
					"$(inherited)",
				);
				GCC_WARN_64_TO_32_BIT_CONVERSION = YES;
				GCC_WARN_ABOUT_RETURN_TYPE = YES_ERROR;
				GCC_WARN_UNDECLARED_SELECTOR = YES;
				GCC_WARN_UNINITIALIZED_AUTOS = YES_AGGRESSIVE;
				GCC_WARN_UNUSED_FUNCTION = YES;
				GCC_WARN_UNUSED_VARIABLE = YES;
				MACOSX_DEPLOYMENT_TARGET = 10.15;
				MTL_ENABLE_DEBUG_INFO = YES;
				ONLY_ACTIVE_ARCH = YES;
				SDKROOT = macosx;
				SWIFT_INSTALL_OBJC_HEADER = YES;
				SWIFT_OPTIMIZATION_LEVEL = "-Onone";
			};
			name = Debug;
		};
		14B707211ECC2F7600B05154 /* Release */ = {
			isa = XCBuildConfiguration;
			buildSettings = {
				ALWAYS_SEARCH_USER_PATHS = NO;
				CLANG_ANALYZER_NONNULL = YES;
				CLANG_CXX_LANGUAGE_STANDARD = "gnu++0x";
				CLANG_CXX_LIBRARY = "libc++";
				CLANG_ENABLE_MODULES = YES;
				CLANG_ENABLE_OBJC_ARC = YES;
				CLANG_WARN_BOOL_CONVERSION = YES;
				CLANG_WARN_CONSTANT_CONVERSION = YES;
				CLANG_WARN_DIRECT_OBJC_ISA_USAGE = YES_ERROR;
				CLANG_WARN_DOCUMENTATION_COMMENTS = YES;
				CLANG_WARN_EMPTY_BODY = YES;
				CLANG_WARN_ENUM_CONVERSION = YES;
				CLANG_WARN_INFINITE_RECURSION = YES;
				CLANG_WARN_INT_CONVERSION = YES;
				CLANG_WARN_OBJC_ROOT_CLASS = YES_ERROR;
				CLANG_WARN_SUSPICIOUS_MOVE = YES;
				CLANG_WARN_SUSPICIOUS_MOVES = YES;
				CLANG_WARN_UNREACHABLE_CODE = YES;
				CLANG_WARN__DUPLICATE_METHOD_MATCH = YES;
				CODE_SIGN_IDENTITY = "-";
				COPY_PHASE_STRIP = NO;
				DEBUG_INFORMATION_FORMAT = "dwarf-with-dsym";
				ENABLE_NS_ASSERTIONS = NO;
				ENABLE_STRICT_OBJC_MSGSEND = YES;
				GCC_C_LANGUAGE_STANDARD = gnu99;
				GCC_NO_COMMON_BLOCKS = YES;
				GCC_WARN_64_TO_32_BIT_CONVERSION = YES;
				GCC_WARN_ABOUT_RETURN_TYPE = YES_ERROR;
				GCC_WARN_UNDECLARED_SELECTOR = YES;
				GCC_WARN_UNINITIALIZED_AUTOS = YES_AGGRESSIVE;
				GCC_WARN_UNUSED_FUNCTION = YES;
				GCC_WARN_UNUSED_VARIABLE = YES;
				MACOSX_DEPLOYMENT_TARGET = 10.15;
				MTL_ENABLE_DEBUG_INFO = NO;
				SDKROOT = macosx;
				SWIFT_INSTALL_OBJC_HEADER = YES;
				SWIFT_OPTIMIZATION_LEVEL = "-Owholemodule";
			};
			name = Release;
		};
		14B707231ECC2F7600B05154 /* Debug */ = {
			isa = XCBuildConfiguration;
			buildSettings = {
				CLANG_ENABLE_MODULES = YES;
				DEVELOPMENT_TEAM = 9BD2FZATPN;
				LD_RUNPATH_SEARCH_PATHS = "$(inherited) @executable_path/../Frameworks @loader_path/../Frameworks";
				PRODUCT_NAME = "$(TARGET_NAME)";
				SWIFT_OBJC_BRIDGING_HEADER = "";
				SWIFT_OPTIMIZATION_LEVEL = "-Onone";
				SWIFT_VERSION = 5.0;
			};
			name = Debug;
		};
		14B707241ECC2F7600B05154 /* Release */ = {
			isa = XCBuildConfiguration;
			buildSettings = {
				CLANG_ENABLE_MODULES = YES;
				DEVELOPMENT_TEAM = 9BD2FZATPN;
				LD_RUNPATH_SEARCH_PATHS = "$(inherited) @executable_path/../Frameworks @loader_path/../Frameworks";
				PRODUCT_NAME = "$(TARGET_NAME)";
				SWIFT_OBJC_BRIDGING_HEADER = "";
				SWIFT_VERSION = 5.0;
			};
			name = Release;
		};
/* End XCBuildConfiguration section */

/* Begin XCConfigurationList section */
		14B707161ECC2F7600B05154 /* Build configuration list for PBXProject "SwiftPratice" */ = {
			isa = XCConfigurationList;
			buildConfigurations = (
				14B707201ECC2F7600B05154 /* Debug */,
				14B707211ECC2F7600B05154 /* Release */,
			);
			defaultConfigurationIsVisible = 0;
			defaultConfigurationName = Release;
		};
		14B707221ECC2F7600B05154 /* Build configuration list for PBXNativeTarget "SwiftPratice" */ = {
			isa = XCConfigurationList;
			buildConfigurations = (
				14B707231ECC2F7600B05154 /* Debug */,
				14B707241ECC2F7600B05154 /* Release */,
			);
			defaultConfigurationIsVisible = 0;
			defaultConfigurationName = Release;
		};
/* End XCConfigurationList section */
	};
	rootObject = 14B707131ECC2F7600B05154 /* Project object */;
}
